PODS:
  - Alamofire (4.7.3)
  - Anchorage (4.3)
  - Crashlytics (3.10.7):
    - Fabric (~> 1.7.11)
  - Fabric (1.7.11)
  - FBSnapshotTestCase (2.1.4):
    - FBSnapshotTestCase/SwiftSupport (= 2.1.4)
  - FBSnapshotTestCase/Core (2.1.4)
  - FBSnapshotTestCase/SwiftSupport (2.1.4):
    - FBSnapshotTestCase/Core
  - GoogleSignIn (4.2.0):
    - "GoogleToolboxForMac/NSDictionary+URLArguments (~> 2.1)"
    - "GoogleToolboxForMac/NSString+URLArguments (~> 2.1)"
    - GTMOAuth2 (~> 1.0)
    - GTMSessionFetcher/Core (~> 1.1)
  - GoogleToolboxForMac/DebugUtils (2.1.4):
    - GoogleToolboxForMac/Defines (= 2.1.4)
  - GoogleToolboxForMac/Defines (2.1.4)
  - "GoogleToolboxForMac/NSDictionary+URLArguments (2.1.4)":
    - GoogleToolboxForMac/DebugUtils (= 2.1.4)
    - GoogleToolboxForMac/Defines (= 2.1.4)
    - "GoogleToolboxForMac/NSString+URLArguments (= 2.1.4)"
  - "GoogleToolboxForMac/NSString+URLArguments (2.1.4)"
  - GTMOAuth2 (1.1.6):
    - GTMSessionFetcher (~> 1.1)
  - GTMSessionFetcher (1.2.0):
    - GTMSessionFetcher/Full (= 1.2.0)
  - GTMSessionFetcher/Core (1.2.0)
  - GTMSessionFetcher/Full (1.2.0):
    - GTMSessionFetcher/Core (= 1.2.0)
  - iOSSnapshotTestCase (4.0.0):
    - iOSSnapshotTestCase/SwiftSupport (= 4.0.0)
  - iOSSnapshotTestCase/Core (4.0.0)
  - iOSSnapshotTestCase/SwiftSupport (4.0.0):
    - iOSSnapshotTestCase/Core
  - MBProgressHUD (1.1.0)
  - ModelMapper (7.4.1)
  - Nimble (7.3.1)
  - Nimble-Snapshots (6.8.1):
    - Nimble-Snapshots/Core (= 6.8.1)
  - Nimble-Snapshots/Core (6.8.1):
    - iOSSnapshotTestCase (~> 4.0)
    - Nimble (~> 7.0)
  - Pastel (0.5.1)
  - Quick (1.3.2)
  - Reveal-SDK (18)
  - RxAlamofire (4.3.0):
    - RxAlamofire/Core (= 4.3.0)
  - RxAlamofire/Core (4.3.0):
    - Alamofire (~> 4.5)
    - RxSwift (~> 4)
  - RxBlocking (4.3.1):
    - RxSwift (~> 4.0)
  - RxCocoa (4.3.1):
    - RxSwift (~> 4.0)
  - RxSwift (4.3.1)
  - RxSwiftExt (3.3.0):
    - RxSwiftExt/Core (= 3.3.0)
  - RxSwiftExt/Core (3.3.0):
    - RxSwift (~> 4.0)
  - RxTest (4.3.1):
    - RxSwift (~> 4.0)
  - SwiftDate (4.5.1)
  - SwiftLint (0.27.0)

DEPENDENCIES:
  - Alamofire (~> 4.0)
  - Anchorage (~> 4.3)
  - Crashlytics
  - Fabric
  - FBSnapshotTestCase (~> 2.1)
  - GoogleSignIn (~> 4.0)
  - MBProgressHUD (~> 1.0)
  - ModelMapper (~> 7.0)
  - Nimble (~> 7.3)
  - Nimble-Snapshots (from `https://github.com/freak4pc/Nimble-Snapshots.git`, branch `swift4.2`)
  - Pastel (~> 0.5)
  - Quick (~> 1.1)
  - Reveal-SDK
  - RxAlamofire (~> 4.0)
  - RxBlocking (~> 4.0)
  - RxCocoa (~> 4.0)
  - RxSwift (~> 4.3)
  - RxSwiftExt (~> 3.0)
  - RxTest (~> 4.0)
  - SwiftDate (~> 4.0)
  - SwiftLint (~> 0.20)

SPEC REPOS:
  https://github.com/cocoapods/specs.git:
    - Alamofire
    - Anchorage
    - Crashlytics
    - Fabric
    - FBSnapshotTestCase
    - GoogleSignIn
    - GoogleToolboxForMac
    - GTMOAuth2
    - GTMSessionFetcher
    - iOSSnapshotTestCase
    - MBProgressHUD
    - ModelMapper
    - Nimble
    - Pastel
    - Quick
    - Reveal-SDK
    - RxAlamofire
    - RxBlocking
    - RxCocoa
    - RxSwift
    - RxSwiftExt
    - RxTest
    - SwiftDate
    - SwiftLint

EXTERNAL SOURCES:
  Nimble-Snapshots:
    :branch: swift4.2
    :git: https://github.com/freak4pc/Nimble-Snapshots.git

CHECKOUT OPTIONS:
  Nimble-Snapshots:
    :commit: 27ab1dd1c831b3c086bd8e29ba77f33bea22ddeb
    :git: https://github.com/freak4pc/Nimble-Snapshots.git

SPEC CHECKSUMS:
  Alamofire: c7287b6e5d7da964a70935e5db17046b7fde6568
  Anchorage: 21a98675245188427f0bcea21404d42a824a766f
  Crashlytics: ccaac42660eb9351b9960c0d66106b0bcf99f4fa
  Fabric: f233c9492b3bbc1f04e3882986740f7988a58edb
  FBSnapshotTestCase: 094f9f314decbabe373b87cc339bea235a63e07a
  GoogleSignIn: 591e46382014e591269f862ba6e7bc0fbd793532
  GoogleToolboxForMac: 91c824d21e85b31c2aae9bb011c5027c9b4e738f
  GTMOAuth2: c77fe325e4acd453837e72d91e3b5f13116857b2
  GTMSessionFetcher: 0c4baf0a73acd0041bf9f71ea018deedab5ea84e
  iOSSnapshotTestCase: 711379b19f69a22c131527df862352c877c2773c
  MBProgressHUD: e7baa36a220447d8aeb12769bf0585582f3866d9
  ModelMapper: e576b4e32007bf574d0f9e4f533d29c46d29f146
  Nimble: 04f732da099ea4d153122aec8c2a88fd0c7219ae
  Nimble-Snapshots: 65bce321fa2f62d70909b90a66a825a3cc4ae773
  Pastel: b3dd5b8d612dac06ae7c63c97c45c900829bc139
  Quick: 2623cb30d7a7f41ca62f684f679586558f483d46
  Reveal-SDK: cce79388da3fd0bbb6ae19d769b906cfc3a33a89
  RxAlamofire: 09624d0f2d48ed8b686e4eb4cf68e28cbd2df556
  RxBlocking: 64c051285261ca2339481e91b5f70eb06b03660a
  RxCocoa: 78763c7b07d02455598d9fc3c1ad091a28b73635
  RxSwift: fe0fd770a43acdb7d0a53da411c9b892e69bb6e4
  RxSwiftExt: 81afb48ab0602f503147417baeb3989d64c7687d
  RxTest: ea97a208826906f3904c0debdd09575ebcbfe216
  SwiftDate: 7b56d42a221f582047287deb256b23fc5ed49a60
  SwiftLint: 3207c1faa2240bf8973b191820a116113cd11073

PODFILE CHECKSUM: a1aa9b6287667477366a28e681bd29ddea012e01

COCOAPODS: 1.5.3
