PODS:
  - Alamofire (4.5.0)
  - Anchorage (4.0.0)
  - ELDebate (1.0.1):
    - Alamofire (~> 4.4)
    - Anchorage (~> 4.0)
    - KeychainAccess (~> 3.0)
    - PromiseKit (~> 4.0)
    - Sourcery (~> 0.6)
    - SwiftLint (~> 0.18)
    - Swinject (~> 2.0)
    - SwinjectAutoregistration (~> 2.0)
    - UIColor_Hex_Swift (~> 3.0.2)
  - GoogleSignIn (4.0.2):
    - GoogleToolboxForMac/NSDictionary+URLArguments (~> 2.1)
    - GoogleToolboxForMac/NSString+URLArguments (~> 2.1)
    - GTMOAuth2 (~> 1.0)
    - GTMSessionFetcher/Core (~> 1.1)
  - GoogleToolboxForMac/DebugUtils (2.1.1):
    - GoogleToolboxForMac/Defines (= 2.1.1)
  - GoogleToolboxForMac/Defines (2.1.1)
  - GoogleToolboxForMac/NSDictionary+URLArguments (2.1.1):
    - GoogleToolboxForMac/DebugUtils (= 2.1.1)
    - GoogleToolboxForMac/Defines (= 2.1.1)
    - GoogleToolboxForMac/NSString+URLArguments (= 2.1.1)
  - GoogleToolboxForMac/NSString+URLArguments (2.1.1)
  - GTMOAuth2 (1.1.4):
    - GTMSessionFetcher (~> 1.1)
  - GTMSessionFetcher (1.1.11):
    - GTMSessionFetcher/Full (= 1.1.11)
  - GTMSessionFetcher/Core (1.1.11)
  - GTMSessionFetcher/Full (1.1.11):
    - GTMSessionFetcher/Core (= 1.1.11)
  - HexColors (5.0.1)
  - KeychainAccess (3.0.2)
  - MBProgressHUD (1.0.0)
  - ModelMapper (6.0.0)
  - Nimble (7.0.1)
  - Pastel (0.3.0)
  - PromiseKit (4.2.2):
    - PromiseKit/Foundation (= 4.2.2)
    - PromiseKit/QuartzCore (= 4.2.2)
    - PromiseKit/UIKit (= 4.2.2)
  - PromiseKit/CorePromise (4.2.2)
  - PromiseKit/Foundation (4.2.2):
    - PromiseKit/CorePromise
  - PromiseKit/QuartzCore (4.2.2):
    - PromiseKit/CorePromise
  - PromiseKit/UIKit (4.2.2):
    - PromiseKit/CorePromise
  - Quick (1.1.0)
  - R.swift (3.3.0):
    - R.swift.Library (~> 3.0.2)
  - R.swift.Library (3.0.2)
  - Reveal-SDK (9)
  - RxAlamofire (3.0.3):
    - RxAlamofire/Core (= 3.0.3)
  - RxAlamofire/Core (3.0.3):
    - Alamofire (~> 4.0)
    - RxSwift (~> 3.0)
  - RxBlocking (3.6.0):
    - RxSwift (~> 3.6)
  - RxCocoa (3.6.0):
    - RxSwift (~> 3.6)
  - RxSwift (3.6.0)
  - RxSwiftExt (2.5.1):
    - RxSwiftExt/Core (= 2.5.1)
  - RxSwiftExt/Core (2.5.1):
    - RxSwift (~> 3.4)
  - RxTest (3.6.0):
    - RxSwift (~> 3.6)
  - SnapKit (3.2.0)
  - Sourcery (0.7.2)
  - SwiftLint (0.20.1)
  - Swinject (2.1.0)
  - SwinjectAutoregistration (2.1.0):
    - Swinject (~> 2.1)
  - UIColor_Hex_Swift (3.0.2)

DEPENDENCIES:
  - Alamofire (~> 4.0)
  - Anchorage (~> 4.0)
  - ELDebate (~> 1.0)
  - GoogleSignIn (~> 4.0)
  - HexColors (~> 5.0)
  - MBProgressHUD (~> 1.0)
  - ModelMapper (~> 6.0)
  - Nimble (~> 7.0)
  - Pastel (~> 0.3)
  - Quick (~> 1.1)
  - R.swift (~> 3.3)
  - Reveal-SDK
  - RxAlamofire (~> 3.0)
  - RxBlocking (~> 3.6)
  - RxCocoa (~> 3.6)
  - RxSwift (~> 3.6)
  - RxSwiftExt (~> 2.5)
  - RxTest (~> 3.6)
  - SnapKit (~> 3.2)
  - SwiftLint (~> 0.20)

SPEC CHECKSUMS:
  Alamofire: f28cdffd29de33a7bfa022cbd63ae95a27fae140
  Anchorage: fe50dca4e20846b8cb15c859d26fec5132b41577
  ELDebate: 152363c4758855b5967e112297b6b4ad2c2e5848
  GoogleSignIn: d7ad83f13480e1f30453471d00d19b5293ac46af
  GoogleToolboxForMac: 8e329f1b599f2512c6b10676d45736bcc2cbbeb0
  GTMOAuth2: 7fc9c10f5c745f4d9850419ea88889fe3baa6b7d
  GTMSessionFetcher: 5ad62e8200fa00ed011fe5e08d27fef72c5b1429
  HexColors: d642e696de77aa919584012e80bf62a4b099cee1
  KeychainAccess: a986406022dfc7c634c691ad3bec670cc6a32002
  MBProgressHUD: 4890f671c94e8a0f3cf959aa731e9de2f036d71a
  ModelMapper: 3596a82f26c43491f6a8d3a00bcdba6ba0e62a93
  Nimble: 657d000e11df8aebe27cdaf9d244de7f30ed87f7
  Pastel: 738740c84f2b15bbcd96ebe99c4e6c2f5dd42262
  PromiseKit: 00e8886881f151c7e573d06b437915b0bb2970ec
  Quick: dafc587e21eed9f4cab3249b9f9015b0b7a7f71d
  R.swift: bde9704d50ff36820f49e266bc88ef545e1e9b36
  R.swift.Library: fbdec16c9802ad104fc1ba53415dc190e6ec5c73
  Reveal-SDK: d977a1ec41e7c076025c1005da6e6d7c1b8ed254
  RxAlamofire: 5eb39188c4917ad98127c0ecb4878a61b7517003
  RxBlocking: 4c3893acc11d26965f7532fff1e35626a4db6f6c
  RxCocoa: cb865569239ebf1b1434056e5c8859d99dff103a
  RxSwift: a0925c7fb11fbe60055285f6f2062241aa37a175
  RxSwiftExt: ec25c6df68d15ad6fe326792d60452b52e83d606
  RxTest: 9cf69fa8f33e43cfcb154ad9b78f54afeb877423
  SnapKit: 1ca44df72cfa543218d177cb8aab029d10d86ea7
  Sourcery: abd498f5fd7dd74a85af911013bd521c1dfbb6ff
  SwiftLint: f60095dc173a3f3ec505bb34f5229c3dfd779a54
  Swinject: 85e468ac75c5c2d234076f98c591d57d56bc64bc
  SwinjectAutoregistration: 7d8ac2c23718c78286adf7590c6d0671b4ccc834
  UIColor_Hex_Swift: 95f718452092a3efc8a827dffd2c04d3237be02d

PODFILE CHECKSUM: 72013b3d23da2be3c7523e6e904609a81336f8ce

COCOAPODS: 1.2.1
