// !$*UTF8*$!
{
	archiveVersion = 1;
	classes = {
	};
	objectVersion = 46;
	objects = {

/* Begin PBXBuildFile section */
		060A936B1EEF01D000EA3293 /* String+Email.swift in Sources */ = {isa = PBXBuildFile; fileRef = 060A936A1EEF01D000EA3293 /* String+Email.swift */; };
		060F4C8C1EE945D000AA2389 /* GoogleSignIn.swift in Sources */ = {isa = PBXBuildFile; fileRef = 060F4C8A1EE945D000AA2389 /* GoogleSignIn.swift */; };
		060F4C8D1EE945D000AA2389 /* GoogleUserProvider.swift in Sources */ = {isa = PBXBuildFile; fileRef = 060F4C8B1EE945D000AA2389 /* GoogleUserProvider.swift */; };
		06BE2E6C1EE88FD1002EED37 /* GoogleService-Info.plist in Resources */ = {isa = PBXBuildFile; fileRef = 06BE2E6B1EE88FD1002EED37 /* GoogleService-Info.plist */; };
		06BE2E6D1EE88FD1002EED37 /* GoogleService-Info.plist in Resources */ = {isa = PBXBuildFile; fileRef = 06BE2E6B1EE88FD1002EED37 /* GoogleService-Info.plist */; };
		27BE1933A63FE09C3C00D679 /* Pods_ELSpaceTests.framework in Frameworks */ = {isa = PBXBuildFile; fileRef = 85CAC09C2A97E9B29BF92420 /* Pods_ELSpaceTests.framework */; };
		358D6C6C62E8C93D9E41F5BF /* Pods_ELSpace.framework in Frameworks */ = {isa = PBXBuildFile; fileRef = A7A380DA305A8B49E56FD215 /* Pods_ELSpace.framework */; };
		473CBF8F1F33142C00B80FA4 /* SelectionScreenPresenter.swift in Sources */ = {isa = PBXBuildFile; fileRef = 473CBF8E1F33142C00B80FA4 /* SelectionScreenPresenter.swift */; };
		473CBF911F33191600B80FA4 /* AppContainer_Common.swift in Sources */ = {isa = PBXBuildFile; fileRef = 473CBF901F33191600B80FA4 /* AppContainer_Common.swift */; };
		473CBF931F3319BB00B80FA4 /* SelectionScreenPresenterSpec.swift in Sources */ = {isa = PBXBuildFile; fileRef = 473CBF921F3319BB00B80FA4 /* SelectionScreenPresenterSpec.swift */; };
		473CBF951F331D5000B80FA4 /* SelectionScreenPresenterMock.swift in Sources */ = {isa = PBXBuildFile; fileRef = 473CBF941F331D5000B80FA4 /* SelectionScreenPresenterMock.swift */; };
		477161F91F2B2CFD0051EDE3 /* GoogleUserMapper.swift in Sources */ = {isa = PBXBuildFile; fileRef = 477161F81F2B2CFD0051EDE3 /* GoogleUserMapper.swift */; };
		477161FC1F2B35220051EDE3 /* GoogleUserMapperFake.swift in Sources */ = {isa = PBXBuildFile; fileRef = 477161FB1F2B35220051EDE3 /* GoogleUserMapperFake.swift */; };
		477161FF1F2B5BA50051EDE3 /* ViewControllerPresenter.swift in Sources */ = {isa = PBXBuildFile; fileRef = 477161FE1F2B5BA50051EDE3 /* ViewControllerPresenter.swift */; };
		47CA94961F2A1EF200D5A9B7 /* LoginViewControllerSpec.swift in Sources */ = {isa = PBXBuildFile; fileRef = 47CA94951F2A1EF200D5A9B7 /* LoginViewControllerSpec.swift */; };
		47CA949E1F2A2A4100D5A9B7 /* AlertFactoryFake.swift in Sources */ = {isa = PBXBuildFile; fileRef = 47CA949D1F2A2A4100D5A9B7 /* AlertFactoryFake.swift */; };
		47CA94A01F2A2AA300D5A9B7 /* ViewControllerPresenterSpy.swift in Sources */ = {isa = PBXBuildFile; fileRef = 47CA949F1F2A2AA300D5A9B7 /* ViewControllerPresenterSpy.swift */; };
		47CA94A21F2A2B6200D5A9B7 /* GoogleUserManagerSpy.swift in Sources */ = {isa = PBXBuildFile; fileRef = 47CA94A11F2A2B6200D5A9B7 /* GoogleUserManagerSpy.swift */; };
		47F1DCA91F309F320039B34E /* ActivityCoordinator.swift in Sources */ = {isa = PBXBuildFile; fileRef = 47F1DCA81F309F320039B34E /* ActivityCoordinator.swift */; };
		47F1DCAB1F30A49A0039B34E /* UINavigationController_HubStyling.swift in Sources */ = {isa = PBXBuildFile; fileRef = 47F1DCAA1F30A49A0039B34E /* UINavigationController_HubStyling.swift */; };
		47F1DCAE1F30A7330039B34E /* UIColor_Hex.swift in Sources */ = {isa = PBXBuildFile; fileRef = 47F1DCAD1F30A7330039B34E /* UIColor_Hex.swift */; };
		47F1DCB01F30A7460039B34E /* UIColor_Color.swift in Sources */ = {isa = PBXBuildFile; fileRef = 47F1DCAF1F30A7460039B34E /* UIColor_Color.swift */; };
		47F1DCB21F30AC2C0039B34E /* ActivityViewController.swift in Sources */ = {isa = PBXBuildFile; fileRef = 47F1DCB11F30AC2C0039B34E /* ActivityViewController.swift */; };
		47F1DCB61F30DADC0039B34E /* SelectionViewControllerStub.swift in Sources */ = {isa = PBXBuildFile; fileRef = 47F1DCB51F30DADC0039B34E /* SelectionViewControllerStub.swift */; };
		47F1DCB81F30DAF20039B34E /* DebateRunnerSpy.swift in Sources */ = {isa = PBXBuildFile; fileRef = 47F1DCB71F30DAF20039B34E /* DebateRunnerSpy.swift */; };
		47F1DCBA1F30DB100039B34E /* SelectionCoordinatorSpec.swift in Sources */ = {isa = PBXBuildFile; fileRef = 47F1DCB91F30DB100039B34E /* SelectionCoordinatorSpec.swift */; };
		47F1DCBC1F30DBCB0039B34E /* ActivityCoordinatorFactoryMock.swift in Sources */ = {isa = PBXBuildFile; fileRef = 47F1DCBB1F30DBCB0039B34E /* ActivityCoordinatorFactoryMock.swift */; };
		47F862311F2F256E00E7C518 /* AppCoordinatorSpec.swift in Sources */ = {isa = PBXBuildFile; fileRef = 47F862301F2F256E00E7C518 /* AppCoordinatorSpec.swift */; };
		47F862331F2F316300E7C518 /* LoginViewControllerFake.swift in Sources */ = {isa = PBXBuildFile; fileRef = 47F862321F2F316300E7C518 /* LoginViewControllerFake.swift */; };
		47F862371F2F324500E7C518 /* CoordinatorFake.swift in Sources */ = {isa = PBXBuildFile; fileRef = 47F862361F2F324500E7C518 /* CoordinatorFake.swift */; };
		47F8623D1F2F332C00E7C518 /* SelectionCoordinatorFactoryMock.swift in Sources */ = {isa = PBXBuildFile; fileRef = 47F8623C1F2F332C00E7C518 /* SelectionCoordinatorFactoryMock.swift */; };
		47F8623F1F2F399700E7C518 /* AppContainer_CoordinatorFactories.swift in Sources */ = {isa = PBXBuildFile; fileRef = 47F8623E1F2F399700E7C518 /* AppContainer_CoordinatorFactories.swift */; };
		47F862411F2F39F600E7C518 /* AppContainer_ViewControllerFactories.swift in Sources */ = {isa = PBXBuildFile; fileRef = 47F862401F2F39F500E7C518 /* AppContainer_ViewControllerFactories.swift */; };
		47F862431F2F461000E7C518 /* SelectionViewControllerSpec.swift in Sources */ = {isa = PBXBuildFile; fileRef = 47F862421F2F461000E7C518 /* SelectionViewControllerSpec.swift */; };
		47F862451F2F468400E7C518 /* SelectionControllerSpy.swift in Sources */ = {isa = PBXBuildFile; fileRef = 47F862441F2F468400E7C518 /* SelectionControllerSpy.swift */; };
		5002D5901EE84D18004C0B10 /* Assets.xcassets in Resources */ = {isa = PBXBuildFile; fileRef = 5002D5851EE84D18004C0B10 /* Assets.xcassets */; };
		5002D5911EE84D18004C0B10 /* ElSpaceLaunchScreen.storyboard in Resources */ = {isa = PBXBuildFile; fileRef = 5002D5861EE84D18004C0B10 /* ElSpaceLaunchScreen.storyboard */; };
		5002D5921EE84D18004C0B10 /* SourceCodePro-Bold.ttf in Resources */ = {isa = PBXBuildFile; fileRef = 5002D5881EE84D18004C0B10 /* SourceCodePro-Bold.ttf */; };
		5002D5931EE84D18004C0B10 /* SourceCodePro-Regular.ttf in Resources */ = {isa = PBXBuildFile; fileRef = 5002D5891EE84D18004C0B10 /* SourceCodePro-Regular.ttf */; };
		5002D5941EE84D18004C0B10 /* SourceCodePro-Semibold.ttf in Resources */ = {isa = PBXBuildFile; fileRef = 5002D58A1EE84D18004C0B10 /* SourceCodePro-Semibold.ttf */; };
		5002D5961EE84D18004C0B10 /* R.generated.swift in Sources */ = {isa = PBXBuildFile; fileRef = 5002D58C1EE84D18004C0B10 /* R.generated.swift */; };
		5002D5971EE84D18004C0B10 /* Localizable.strings in Resources */ = {isa = PBXBuildFile; fileRef = 5002D58E1EE84D18004C0B10 /* Localizable.strings */; };
		500BC9771EE7EF920060D31B /* BackgroundGradientWithLogo.swift in Sources */ = {isa = PBXBuildFile; fileRef = 500BC9761EE7EF920060D31B /* BackgroundGradientWithLogo.swift */; };
		500BC97C1EE7F7380060D31B /* AppCoordinator.swift in Sources */ = {isa = PBXBuildFile; fileRef = 500BC97B1EE7F7380060D31B /* AppCoordinator.swift */; };
		5034DA0C1EE99E150095D477 /* SelectionView.swift in Sources */ = {isa = PBXBuildFile; fileRef = 5034DA0A1EE99E150095D477 /* SelectionView.swift */; };
		5034DA0D1EE99E150095D477 /* SelectionViewController.swift in Sources */ = {isa = PBXBuildFile; fileRef = 5034DA0B1EE99E150095D477 /* SelectionViewController.swift */; };
		5048F2441EDEE7A2001A487E /* AppDelegate.swift in Sources */ = {isa = PBXBuildFile; fileRef = 5048F2431EDEE7A2001A487E /* AppDelegate.swift */; };
		5048F2461EDEE7A2001A487E /* LoginViewController.swift in Sources */ = {isa = PBXBuildFile; fileRef = 5048F2451EDEE7A2001A487E /* LoginViewController.swift */; };
		50902FC61EE5AAC700D43254 /* LoginView.swift in Sources */ = {isa = PBXBuildFile; fileRef = 50902FC51EE5AAC700D43254 /* LoginView.swift */; };
		50902FD31EE5B06B00D43254 /* Button.swift in Sources */ = {isa = PBXBuildFile; fileRef = 50902FD21EE5B06B00D43254 /* Button.swift */; };
		862F49AF1EF14C3C0033112C /* GoogleUserManager.swift in Sources */ = {isa = PBXBuildFile; fileRef = 862F49AE1EF14C3C0033112C /* GoogleUserManager.swift */; };
		862F49B11EF151A50033112C /* UIAlertController+Creation.swift in Sources */ = {isa = PBXBuildFile; fileRef = 862F49B01EF151A50033112C /* UIAlertController+Creation.swift */; };
		86D9F9201EEEBB9100788C1D /* GoogleUserProviderSpec.swift in Sources */ = {isa = PBXBuildFile; fileRef = 86D9F91F1EEEBB9100788C1D /* GoogleUserProviderSpec.swift */; };
		86F3AAFA1EEEBDC500A5C88B /* GoogleSignInMock.swift in Sources */ = {isa = PBXBuildFile; fileRef = 86F3AAF91EEEBDC500A5C88B /* GoogleSignInMock.swift */; };
		AF48256D1F27513F0081B2CC /* Localizable.swift in Sources */ = {isa = PBXBuildFile; fileRef = AF48256C1F27513F0081B2CC /* Localizable.swift */; };
		AF4825771F2758480081B2CC /* RequestWrapper.swift in Sources */ = {isa = PBXBuildFile; fileRef = AF4825761F2758480081B2CC /* RequestWrapper.swift */; };
		AF4825791F275AC50081B2CC /* RequestPerformer.swift in Sources */ = {isa = PBXBuildFile; fileRef = AF4825781F275AC50081B2CC /* RequestPerformer.swift */; };
		AF48257C1F275C140081B2CC /* Response.swift in Sources */ = {isa = PBXBuildFile; fileRef = AF48257B1F275C140081B2CC /* Response.swift */; };
		AF48257E1F275D810081B2CC /* ApiClient.swift in Sources */ = {isa = PBXBuildFile; fileRef = AF48257D1F275D810081B2CC /* ApiClient.swift */; };
		AF4825811F276C260081B2CC /* RequestPerformerSpec.swift in Sources */ = {isa = PBXBuildFile; fileRef = AF4825801F276C260081B2CC /* RequestPerformerSpec.swift */; };
		AF4825831F276C6A0081B2CC /* RequestWrapperSpy.swift in Sources */ = {isa = PBXBuildFile; fileRef = AF4825821F276C6A0081B2CC /* RequestWrapperSpy.swift */; };
		AF4825851F2778D50081B2CC /* ApiClientSpec.swift in Sources */ = {isa = PBXBuildFile; fileRef = AF4825841F2778D50081B2CC /* ApiClientSpec.swift */; };
		AF4825871F2779260081B2CC /* RequestPerformerSpy.swift in Sources */ = {isa = PBXBuildFile; fileRef = AF4825861F2779260081B2CC /* RequestPerformerSpy.swift */; };
		AF48258A1F27813C0081B2CC /* HubTokenService.swift in Sources */ = {isa = PBXBuildFile; fileRef = AF4825891F27813C0081B2CC /* HubTokenService.swift */; };
		AF4AD7C81F20B918005B5524 /* GoogleUserManagerSpec.swift in Sources */ = {isa = PBXBuildFile; fileRef = AF4AD7C71F20B918005B5524 /* GoogleUserManagerSpec.swift */; };
		AF4AD7CA1F20B963005B5524 /* GoogleUserProviderSpy.swift in Sources */ = {isa = PBXBuildFile; fileRef = AF4AD7C91F20B963005B5524 /* GoogleUserProviderSpy.swift */; };
		AF4AD7D51F20D75C005B5524 /* EmailValidator.swift in Sources */ = {isa = PBXBuildFile; fileRef = AF4AD7D41F20D75C005B5524 /* EmailValidator.swift */; };
		AF4AD7D81F20DC63005B5524 /* EmailValidatorSpec.swift in Sources */ = {isa = PBXBuildFile; fileRef = AF4AD7D71F20DC63005B5524 /* EmailValidatorSpec.swift */; };
		AF4AD7DA1F20E325005B5524 /* GoogleUserValidator.swift in Sources */ = {isa = PBXBuildFile; fileRef = AF4AD7D91F20E325005B5524 /* GoogleUserValidator.swift */; };
		AF4AD7DC1F20E95D005B5524 /* GoogleUserValidatorSpy.swift in Sources */ = {isa = PBXBuildFile; fileRef = AF4AD7DB1F20E95D005B5524 /* GoogleUserValidatorSpy.swift */; };
		AFB47B561F288DF400E0A922 /* Data_HubToken.swift in Sources */ = {isa = PBXBuildFile; fileRef = AFB47B551F288DF400E0A922 /* Data_HubToken.swift */; };
		AFB47B591F288E7000E0A922 /* HubTokenSpec.swift in Sources */ = {isa = PBXBuildFile; fileRef = AFB47B581F288E7000E0A922 /* HubTokenSpec.swift */; };
		AFB47B5C1F28969F00E0A922 /* HubTokenServiceSpec.swift in Sources */ = {isa = PBXBuildFile; fileRef = AFB47B5B1F28969F00E0A922 /* HubTokenServiceSpec.swift */; };
		AFB47B5E1F2896D000E0A922 /* ApiClientSpy.swift in Sources */ = {isa = PBXBuildFile; fileRef = AFB47B5D1F2896D000E0A922 /* ApiClientSpy.swift */; };
		AFB47B631F28A5EC00E0A922 /* ApiError.swift in Sources */ = {isa = PBXBuildFile; fileRef = AFB47B621F28A5EC00E0A922 /* ApiError.swift */; };
		AFB47B691F28A6A800E0A922 /* AppContainer.swift in Sources */ = {isa = PBXBuildFile; fileRef = AFB47B681F28A6A800E0A922 /* AppContainer.swift */; };
		AFB47B6E1F28B8ED00E0A922 /* AppContainer_ServiceFactoring.swift in Sources */ = {isa = PBXBuildFile; fileRef = AFB47B6D1F28B8ED00E0A922 /* AppContainer_ServiceFactoring.swift */; };
		AFB47B741F28BACE00E0A922 /* Coordinator.swift in Sources */ = {isa = PBXBuildFile; fileRef = AFB47B731F28BACE00E0A922 /* Coordinator.swift */; };
		AFB47B761F28BB3700E0A922 /* SelectionCoordinator.swift in Sources */ = {isa = PBXBuildFile; fileRef = AFB47B751F28BB3700E0A922 /* SelectionCoordinator.swift */; };
		AFB47B7C1F28C3FA00E0A922 /* SelectionController.swift in Sources */ = {isa = PBXBuildFile; fileRef = AFB47B7B1F28C3FA00E0A922 /* SelectionController.swift */; };
		AFB47B811F28D37100E0A922 /* SelectionControllerSpec.swift in Sources */ = {isa = PBXBuildFile; fileRef = AFB47B801F28D37100E0A922 /* SelectionControllerSpec.swift */; };
		AFB47B831F28D3BC00E0A922 /* HubTokenServiceSpy.swift in Sources */ = {isa = PBXBuildFile; fileRef = AFB47B821F28D3BC00E0A922 /* HubTokenServiceSpy.swift */; };
		AFB47B871F28DE2D00E0A922 /* UIAlertControllerCreation.swift in Sources */ = {isa = PBXBuildFile; fileRef = AFB47B861F28DE2D00E0A922 /* UIAlertControllerCreation.swift */; };
		AFE916D31F31E36200C4D27A /* LoadingIndicator.swift in Sources */ = {isa = PBXBuildFile; fileRef = AFE916D21F31E36200C4D27A /* LoadingIndicator.swift */; };
		AFE916D51F31FAF000C4D27A /* ApiClientHubDecorator.swift in Sources */ = {isa = PBXBuildFile; fileRef = AFE916D41F31FAF000C4D27A /* ApiClientHubDecorator.swift */; };
		AFE916D71F31FCC800C4D27A /* HubSession.swift in Sources */ = {isa = PBXBuildFile; fileRef = AFE916D61F31FCC800C4D27A /* HubSession.swift */; };
		AFE916D91F32048300C4D27A /* Dictionary_Add.swift in Sources */ = {isa = PBXBuildFile; fileRef = AFE916D81F32048300C4D27A /* Dictionary_Add.swift */; };
		AFE916DB1F3204F100C4D27A /* DictionaryAddSpec.swift in Sources */ = {isa = PBXBuildFile; fileRef = AFE916DA1F3204F100C4D27A /* DictionaryAddSpec.swift */; };
		AFE916DD1F3213D200C4D27A /* ApiClientHubDecoratorSpec.swift in Sources */ = {isa = PBXBuildFile; fileRef = AFE916DC1F3213D200C4D27A /* ApiClientHubDecoratorSpec.swift */; };
/* End PBXBuildFile section */

/* Begin PBXContainerItemProxy section */
		5048F2551EDEE7A2001A487E /* PBXContainerItemProxy */ = {
			isa = PBXContainerItemProxy;
			containerPortal = 5048F2381EDEE7A2001A487E /* Project object */;
			proxyType = 1;
			remoteGlobalIDString = 5048F23F1EDEE7A2001A487E;
			remoteInfo = ELSpace;
		};
/* End PBXContainerItemProxy section */

/* Begin PBXFileReference section */
		060A936A1EEF01D000EA3293 /* String+Email.swift */ = {isa = PBXFileReference; fileEncoding = 4; lastKnownFileType = sourcecode.swift; path = "String+Email.swift"; sourceTree = "<group>"; };
		060F4C8A1EE945D000AA2389 /* GoogleSignIn.swift */ = {isa = PBXFileReference; fileEncoding = 4; lastKnownFileType = sourcecode.swift; path = GoogleSignIn.swift; sourceTree = "<group>"; };
		060F4C8B1EE945D000AA2389 /* GoogleUserProvider.swift */ = {isa = PBXFileReference; fileEncoding = 4; lastKnownFileType = sourcecode.swift; path = GoogleUserProvider.swift; sourceTree = "<group>"; };
		06BE2E6B1EE88FD1002EED37 /* GoogleService-Info.plist */ = {isa = PBXFileReference; fileEncoding = 4; lastKnownFileType = text.plist.xml; path = "GoogleService-Info.plist"; sourceTree = "<group>"; };
		1E21319772B1B80346FB867E /* Pods-ELSpace.release.xcconfig */ = {isa = PBXFileReference; includeInIndex = 1; lastKnownFileType = text.xcconfig; name = "Pods-ELSpace.release.xcconfig"; path = "Pods/Target Support Files/Pods-ELSpace/Pods-ELSpace.release.xcconfig"; sourceTree = "<group>"; };
		473CBF8E1F33142C00B80FA4 /* SelectionScreenPresenter.swift */ = {isa = PBXFileReference; fileEncoding = 4; lastKnownFileType = sourcecode.swift; path = SelectionScreenPresenter.swift; sourceTree = "<group>"; };
		473CBF901F33191600B80FA4 /* AppContainer_Common.swift */ = {isa = PBXFileReference; fileEncoding = 4; lastKnownFileType = sourcecode.swift; path = AppContainer_Common.swift; sourceTree = "<group>"; };
		473CBF921F3319BB00B80FA4 /* SelectionScreenPresenterSpec.swift */ = {isa = PBXFileReference; fileEncoding = 4; lastKnownFileType = sourcecode.swift; path = SelectionScreenPresenterSpec.swift; sourceTree = "<group>"; };
		473CBF941F331D5000B80FA4 /* SelectionScreenPresenterMock.swift */ = {isa = PBXFileReference; fileEncoding = 4; lastKnownFileType = sourcecode.swift; path = SelectionScreenPresenterMock.swift; sourceTree = "<group>"; };
		477161F81F2B2CFD0051EDE3 /* GoogleUserMapper.swift */ = {isa = PBXFileReference; fileEncoding = 4; lastKnownFileType = sourcecode.swift; path = GoogleUserMapper.swift; sourceTree = "<group>"; };
		477161FB1F2B35220051EDE3 /* GoogleUserMapperFake.swift */ = {isa = PBXFileReference; fileEncoding = 4; lastKnownFileType = sourcecode.swift; path = GoogleUserMapperFake.swift; sourceTree = "<group>"; };
		477161FE1F2B5BA50051EDE3 /* ViewControllerPresenter.swift */ = {isa = PBXFileReference; fileEncoding = 4; lastKnownFileType = sourcecode.swift; path = ViewControllerPresenter.swift; sourceTree = "<group>"; };
		47CA94951F2A1EF200D5A9B7 /* LoginViewControllerSpec.swift */ = {isa = PBXFileReference; fileEncoding = 4; lastKnownFileType = sourcecode.swift; path = LoginViewControllerSpec.swift; sourceTree = "<group>"; };
		47CA949D1F2A2A4100D5A9B7 /* AlertFactoryFake.swift */ = {isa = PBXFileReference; fileEncoding = 4; lastKnownFileType = sourcecode.swift; path = AlertFactoryFake.swift; sourceTree = "<group>"; };
		47CA949F1F2A2AA300D5A9B7 /* ViewControllerPresenterSpy.swift */ = {isa = PBXFileReference; fileEncoding = 4; lastKnownFileType = sourcecode.swift; path = ViewControllerPresenterSpy.swift; sourceTree = "<group>"; };
		47CA94A11F2A2B6200D5A9B7 /* GoogleUserManagerSpy.swift */ = {isa = PBXFileReference; fileEncoding = 4; lastKnownFileType = sourcecode.swift; path = GoogleUserManagerSpy.swift; sourceTree = "<group>"; };
		47F1DCA81F309F320039B34E /* ActivityCoordinator.swift */ = {isa = PBXFileReference; fileEncoding = 4; lastKnownFileType = sourcecode.swift; path = ActivityCoordinator.swift; sourceTree = "<group>"; };
		47F1DCAA1F30A49A0039B34E /* UINavigationController_HubStyling.swift */ = {isa = PBXFileReference; fileEncoding = 4; lastKnownFileType = sourcecode.swift; path = UINavigationController_HubStyling.swift; sourceTree = "<group>"; };
		47F1DCAD1F30A7330039B34E /* UIColor_Hex.swift */ = {isa = PBXFileReference; fileEncoding = 4; lastKnownFileType = sourcecode.swift; path = UIColor_Hex.swift; sourceTree = "<group>"; };
		47F1DCAF1F30A7460039B34E /* UIColor_Color.swift */ = {isa = PBXFileReference; fileEncoding = 4; lastKnownFileType = sourcecode.swift; path = UIColor_Color.swift; sourceTree = "<group>"; };
		47F1DCB11F30AC2C0039B34E /* ActivityViewController.swift */ = {isa = PBXFileReference; fileEncoding = 4; lastKnownFileType = sourcecode.swift; path = ActivityViewController.swift; sourceTree = "<group>"; };
		47F1DCB51F30DADC0039B34E /* SelectionViewControllerStub.swift */ = {isa = PBXFileReference; fileEncoding = 4; lastKnownFileType = sourcecode.swift; path = SelectionViewControllerStub.swift; sourceTree = "<group>"; };
		47F1DCB71F30DAF20039B34E /* DebateRunnerSpy.swift */ = {isa = PBXFileReference; fileEncoding = 4; lastKnownFileType = sourcecode.swift; path = DebateRunnerSpy.swift; sourceTree = "<group>"; };
		47F1DCB91F30DB100039B34E /* SelectionCoordinatorSpec.swift */ = {isa = PBXFileReference; fileEncoding = 4; lastKnownFileType = sourcecode.swift; path = SelectionCoordinatorSpec.swift; sourceTree = "<group>"; };
		47F1DCBB1F30DBCB0039B34E /* ActivityCoordinatorFactoryMock.swift */ = {isa = PBXFileReference; fileEncoding = 4; lastKnownFileType = sourcecode.swift; path = ActivityCoordinatorFactoryMock.swift; sourceTree = "<group>"; };
		47F862301F2F256E00E7C518 /* AppCoordinatorSpec.swift */ = {isa = PBXFileReference; fileEncoding = 4; lastKnownFileType = sourcecode.swift; path = AppCoordinatorSpec.swift; sourceTree = "<group>"; };
		47F862321F2F316300E7C518 /* LoginViewControllerFake.swift */ = {isa = PBXFileReference; fileEncoding = 4; lastKnownFileType = sourcecode.swift; path = LoginViewControllerFake.swift; sourceTree = "<group>"; };
		47F862361F2F324500E7C518 /* CoordinatorFake.swift */ = {isa = PBXFileReference; fileEncoding = 4; lastKnownFileType = sourcecode.swift; path = CoordinatorFake.swift; sourceTree = "<group>"; };
		47F8623C1F2F332C00E7C518 /* SelectionCoordinatorFactoryMock.swift */ = {isa = PBXFileReference; fileEncoding = 4; lastKnownFileType = sourcecode.swift; path = SelectionCoordinatorFactoryMock.swift; sourceTree = "<group>"; };
		47F8623E1F2F399700E7C518 /* AppContainer_CoordinatorFactories.swift */ = {isa = PBXFileReference; fileEncoding = 4; lastKnownFileType = sourcecode.swift; path = AppContainer_CoordinatorFactories.swift; sourceTree = "<group>"; };
		47F862401F2F39F500E7C518 /* AppContainer_ViewControllerFactories.swift */ = {isa = PBXFileReference; fileEncoding = 4; lastKnownFileType = sourcecode.swift; path = AppContainer_ViewControllerFactories.swift; sourceTree = "<group>"; };
		47F862421F2F461000E7C518 /* SelectionViewControllerSpec.swift */ = {isa = PBXFileReference; fileEncoding = 4; lastKnownFileType = sourcecode.swift; path = SelectionViewControllerSpec.swift; sourceTree = "<group>"; };
		47F862441F2F468400E7C518 /* SelectionControllerSpy.swift */ = {isa = PBXFileReference; fileEncoding = 4; lastKnownFileType = sourcecode.swift; path = SelectionControllerSpy.swift; sourceTree = "<group>"; };
		5002D5851EE84D18004C0B10 /* Assets.xcassets */ = {isa = PBXFileReference; lastKnownFileType = folder.assetcatalog; path = Assets.xcassets; sourceTree = "<group>"; };
		5002D5861EE84D18004C0B10 /* ElSpaceLaunchScreen.storyboard */ = {isa = PBXFileReference; fileEncoding = 4; lastKnownFileType = file.storyboard; path = ElSpaceLaunchScreen.storyboard; sourceTree = "<group>"; };
		5002D5881EE84D18004C0B10 /* SourceCodePro-Bold.ttf */ = {isa = PBXFileReference; lastKnownFileType = file; path = "SourceCodePro-Bold.ttf"; sourceTree = "<group>"; };
		5002D5891EE84D18004C0B10 /* SourceCodePro-Regular.ttf */ = {isa = PBXFileReference; lastKnownFileType = file; path = "SourceCodePro-Regular.ttf"; sourceTree = "<group>"; };
		5002D58A1EE84D18004C0B10 /* SourceCodePro-Semibold.ttf */ = {isa = PBXFileReference; lastKnownFileType = file; path = "SourceCodePro-Semibold.ttf"; sourceTree = "<group>"; };
		5002D58B1EE84D18004C0B10 /* Info.plist */ = {isa = PBXFileReference; fileEncoding = 4; lastKnownFileType = text.plist.xml; path = Info.plist; sourceTree = "<group>"; };
		5002D58C1EE84D18004C0B10 /* R.generated.swift */ = {isa = PBXFileReference; fileEncoding = 4; lastKnownFileType = sourcecode.swift; path = R.generated.swift; sourceTree = "<group>"; };
		5002D58F1EE84D18004C0B10 /* Base */ = {isa = PBXFileReference; lastKnownFileType = text.plist.strings; name = Base; path = Base.lproj/Localizable.strings; sourceTree = "<group>"; };
		500BC9761EE7EF920060D31B /* BackgroundGradientWithLogo.swift */ = {isa = PBXFileReference; lastKnownFileType = sourcecode.swift; path = BackgroundGradientWithLogo.swift; sourceTree = "<group>"; };
		500BC97B1EE7F7380060D31B /* AppCoordinator.swift */ = {isa = PBXFileReference; lastKnownFileType = sourcecode.swift; path = AppCoordinator.swift; sourceTree = "<group>"; };
		5034DA0A1EE99E150095D477 /* SelectionView.swift */ = {isa = PBXFileReference; fileEncoding = 4; lastKnownFileType = sourcecode.swift; path = SelectionView.swift; sourceTree = "<group>"; };
		5034DA0B1EE99E150095D477 /* SelectionViewController.swift */ = {isa = PBXFileReference; fileEncoding = 4; lastKnownFileType = sourcecode.swift; path = SelectionViewController.swift; sourceTree = "<group>"; };
		5048F2401EDEE7A2001A487E /* ELSpace.app */ = {isa = PBXFileReference; explicitFileType = wrapper.application; includeInIndex = 0; path = ELSpace.app; sourceTree = BUILT_PRODUCTS_DIR; };
		5048F2431EDEE7A2001A487E /* AppDelegate.swift */ = {isa = PBXFileReference; lastKnownFileType = sourcecode.swift; path = AppDelegate.swift; sourceTree = "<group>"; };
		5048F2451EDEE7A2001A487E /* LoginViewController.swift */ = {isa = PBXFileReference; lastKnownFileType = sourcecode.swift; path = LoginViewController.swift; sourceTree = "<group>"; };
		5048F2541EDEE7A2001A487E /* ELSpaceTests.xctest */ = {isa = PBXFileReference; explicitFileType = wrapper.cfbundle; includeInIndex = 0; path = ELSpaceTests.xctest; sourceTree = BUILT_PRODUCTS_DIR; };
		5048F25A1EDEE7A2001A487E /* Info.plist */ = {isa = PBXFileReference; lastKnownFileType = text.plist.xml; path = Info.plist; sourceTree = "<group>"; };
		50902FC51EE5AAC700D43254 /* LoginView.swift */ = {isa = PBXFileReference; fileEncoding = 4; lastKnownFileType = sourcecode.swift; lineEnding = 0; path = LoginView.swift; sourceTree = "<group>"; xcLanguageSpecificationIdentifier = xcode.lang.swift; };
		50902FD21EE5B06B00D43254 /* Button.swift */ = {isa = PBXFileReference; fileEncoding = 4; lastKnownFileType = sourcecode.swift; lineEnding = 0; path = Button.swift; sourceTree = "<group>"; xcLanguageSpecificationIdentifier = xcode.lang.swift; };
		85CAC09C2A97E9B29BF92420 /* Pods_ELSpaceTests.framework */ = {isa = PBXFileReference; explicitFileType = wrapper.framework; includeInIndex = 0; path = Pods_ELSpaceTests.framework; sourceTree = BUILT_PRODUCTS_DIR; };
		862F49AE1EF14C3C0033112C /* GoogleUserManager.swift */ = {isa = PBXFileReference; fileEncoding = 4; lastKnownFileType = sourcecode.swift; path = GoogleUserManager.swift; sourceTree = "<group>"; };
		862F49B01EF151A50033112C /* UIAlertController+Creation.swift */ = {isa = PBXFileReference; fileEncoding = 4; lastKnownFileType = sourcecode.swift; path = "UIAlertController+Creation.swift"; sourceTree = "<group>"; };
		86508AAE1EEAA979003FD730 /* ELSpace.entitlements */ = {isa = PBXFileReference; lastKnownFileType = text.plist.entitlements; path = ELSpace.entitlements; sourceTree = "<group>"; };
		86D9F91F1EEEBB9100788C1D /* GoogleUserProviderSpec.swift */ = {isa = PBXFileReference; fileEncoding = 4; lastKnownFileType = sourcecode.swift; path = GoogleUserProviderSpec.swift; sourceTree = "<group>"; };
		86F3AAF91EEEBDC500A5C88B /* GoogleSignInMock.swift */ = {isa = PBXFileReference; fileEncoding = 4; lastKnownFileType = sourcecode.swift; path = GoogleSignInMock.swift; sourceTree = "<group>"; };
		A7A380DA305A8B49E56FD215 /* Pods_ELSpace.framework */ = {isa = PBXFileReference; explicitFileType = wrapper.framework; includeInIndex = 0; path = Pods_ELSpace.framework; sourceTree = BUILT_PRODUCTS_DIR; };
		AF48256C1F27513F0081B2CC /* Localizable.swift */ = {isa = PBXFileReference; fileEncoding = 4; lastKnownFileType = sourcecode.swift; path = Localizable.swift; sourceTree = "<group>"; };
		AF4825761F2758480081B2CC /* RequestWrapper.swift */ = {isa = PBXFileReference; fileEncoding = 4; lastKnownFileType = sourcecode.swift; path = RequestWrapper.swift; sourceTree = "<group>"; };
		AF4825781F275AC50081B2CC /* RequestPerformer.swift */ = {isa = PBXFileReference; fileEncoding = 4; lastKnownFileType = sourcecode.swift; path = RequestPerformer.swift; sourceTree = "<group>"; };
		AF48257B1F275C140081B2CC /* Response.swift */ = {isa = PBXFileReference; fileEncoding = 4; lastKnownFileType = sourcecode.swift; path = Response.swift; sourceTree = "<group>"; };
		AF48257D1F275D810081B2CC /* ApiClient.swift */ = {isa = PBXFileReference; fileEncoding = 4; lastKnownFileType = sourcecode.swift; path = ApiClient.swift; sourceTree = "<group>"; };
		AF4825801F276C260081B2CC /* RequestPerformerSpec.swift */ = {isa = PBXFileReference; fileEncoding = 4; lastKnownFileType = sourcecode.swift; path = RequestPerformerSpec.swift; sourceTree = "<group>"; };
		AF4825821F276C6A0081B2CC /* RequestWrapperSpy.swift */ = {isa = PBXFileReference; fileEncoding = 4; lastKnownFileType = sourcecode.swift; path = RequestWrapperSpy.swift; sourceTree = "<group>"; };
		AF4825841F2778D50081B2CC /* ApiClientSpec.swift */ = {isa = PBXFileReference; fileEncoding = 4; lastKnownFileType = sourcecode.swift; path = ApiClientSpec.swift; sourceTree = "<group>"; };
		AF4825861F2779260081B2CC /* RequestPerformerSpy.swift */ = {isa = PBXFileReference; fileEncoding = 4; lastKnownFileType = sourcecode.swift; path = RequestPerformerSpy.swift; sourceTree = "<group>"; };
		AF4825891F27813C0081B2CC /* HubTokenService.swift */ = {isa = PBXFileReference; fileEncoding = 4; lastKnownFileType = sourcecode.swift; path = HubTokenService.swift; sourceTree = "<group>"; };
		AF4AD7C71F20B918005B5524 /* GoogleUserManagerSpec.swift */ = {isa = PBXFileReference; fileEncoding = 4; lastKnownFileType = sourcecode.swift; path = GoogleUserManagerSpec.swift; sourceTree = "<group>"; };
		AF4AD7C91F20B963005B5524 /* GoogleUserProviderSpy.swift */ = {isa = PBXFileReference; fileEncoding = 4; lastKnownFileType = sourcecode.swift; path = GoogleUserProviderSpy.swift; sourceTree = "<group>"; };
		AF4AD7D41F20D75C005B5524 /* EmailValidator.swift */ = {isa = PBXFileReference; fileEncoding = 4; lastKnownFileType = sourcecode.swift; path = EmailValidator.swift; sourceTree = "<group>"; };
		AF4AD7D71F20DC63005B5524 /* EmailValidatorSpec.swift */ = {isa = PBXFileReference; fileEncoding = 4; lastKnownFileType = sourcecode.swift; path = EmailValidatorSpec.swift; sourceTree = "<group>"; };
		AF4AD7D91F20E325005B5524 /* GoogleUserValidator.swift */ = {isa = PBXFileReference; fileEncoding = 4; lastKnownFileType = sourcecode.swift; path = GoogleUserValidator.swift; sourceTree = "<group>"; };
		AF4AD7DB1F20E95D005B5524 /* GoogleUserValidatorSpy.swift */ = {isa = PBXFileReference; fileEncoding = 4; lastKnownFileType = sourcecode.swift; path = GoogleUserValidatorSpy.swift; sourceTree = "<group>"; };
		AFB47B551F288DF400E0A922 /* Data_HubToken.swift */ = {isa = PBXFileReference; fileEncoding = 4; lastKnownFileType = sourcecode.swift; path = Data_HubToken.swift; sourceTree = "<group>"; };
		AFB47B581F288E7000E0A922 /* HubTokenSpec.swift */ = {isa = PBXFileReference; fileEncoding = 4; lastKnownFileType = sourcecode.swift; path = HubTokenSpec.swift; sourceTree = "<group>"; };
		AFB47B5B1F28969F00E0A922 /* HubTokenServiceSpec.swift */ = {isa = PBXFileReference; fileEncoding = 4; lastKnownFileType = sourcecode.swift; path = HubTokenServiceSpec.swift; sourceTree = "<group>"; };
		AFB47B5D1F2896D000E0A922 /* ApiClientSpy.swift */ = {isa = PBXFileReference; fileEncoding = 4; lastKnownFileType = sourcecode.swift; path = ApiClientSpy.swift; sourceTree = "<group>"; };
		AFB47B621F28A5EC00E0A922 /* ApiError.swift */ = {isa = PBXFileReference; fileEncoding = 4; lastKnownFileType = sourcecode.swift; path = ApiError.swift; sourceTree = "<group>"; };
		AFB47B681F28A6A800E0A922 /* AppContainer.swift */ = {isa = PBXFileReference; fileEncoding = 4; lastKnownFileType = sourcecode.swift; path = AppContainer.swift; sourceTree = "<group>"; };
		AFB47B6D1F28B8ED00E0A922 /* AppContainer_ServiceFactoring.swift */ = {isa = PBXFileReference; fileEncoding = 4; lastKnownFileType = sourcecode.swift; path = AppContainer_ServiceFactoring.swift; sourceTree = "<group>"; };
		AFB47B731F28BACE00E0A922 /* Coordinator.swift */ = {isa = PBXFileReference; fileEncoding = 4; lastKnownFileType = sourcecode.swift; path = Coordinator.swift; sourceTree = "<group>"; };
		AFB47B751F28BB3700E0A922 /* SelectionCoordinator.swift */ = {isa = PBXFileReference; fileEncoding = 4; lastKnownFileType = sourcecode.swift; path = SelectionCoordinator.swift; sourceTree = "<group>"; };
		AFB47B7B1F28C3FA00E0A922 /* SelectionController.swift */ = {isa = PBXFileReference; fileEncoding = 4; lastKnownFileType = sourcecode.swift; path = SelectionController.swift; sourceTree = "<group>"; };
		AFB47B801F28D37100E0A922 /* SelectionControllerSpec.swift */ = {isa = PBXFileReference; fileEncoding = 4; lastKnownFileType = sourcecode.swift; path = SelectionControllerSpec.swift; sourceTree = "<group>"; };
		AFB47B821F28D3BC00E0A922 /* HubTokenServiceSpy.swift */ = {isa = PBXFileReference; fileEncoding = 4; lastKnownFileType = sourcecode.swift; path = HubTokenServiceSpy.swift; sourceTree = "<group>"; };
		AFB47B861F28DE2D00E0A922 /* UIAlertControllerCreation.swift */ = {isa = PBXFileReference; fileEncoding = 4; lastKnownFileType = sourcecode.swift; path = UIAlertControllerCreation.swift; sourceTree = "<group>"; };
		AFE916D21F31E36200C4D27A /* LoadingIndicator.swift */ = {isa = PBXFileReference; fileEncoding = 4; lastKnownFileType = sourcecode.swift; path = LoadingIndicator.swift; sourceTree = "<group>"; };
		AFE916D41F31FAF000C4D27A /* ApiClientHubDecorator.swift */ = {isa = PBXFileReference; fileEncoding = 4; lastKnownFileType = sourcecode.swift; path = ApiClientHubDecorator.swift; sourceTree = "<group>"; };
		AFE916D61F31FCC800C4D27A /* HubSession.swift */ = {isa = PBXFileReference; fileEncoding = 4; lastKnownFileType = sourcecode.swift; path = HubSession.swift; sourceTree = "<group>"; };
		AFE916D81F32048300C4D27A /* Dictionary_Add.swift */ = {isa = PBXFileReference; fileEncoding = 4; lastKnownFileType = sourcecode.swift; path = Dictionary_Add.swift; sourceTree = "<group>"; };
		AFE916DA1F3204F100C4D27A /* DictionaryAddSpec.swift */ = {isa = PBXFileReference; fileEncoding = 4; lastKnownFileType = sourcecode.swift; path = DictionaryAddSpec.swift; sourceTree = "<group>"; };
		AFE916DC1F3213D200C4D27A /* ApiClientHubDecoratorSpec.swift */ = {isa = PBXFileReference; fileEncoding = 4; lastKnownFileType = sourcecode.swift; path = ApiClientHubDecoratorSpec.swift; sourceTree = "<group>"; };
		E72147DECCA8EAEE7B4DBA7C /* Pods-ELSpace.debug.xcconfig */ = {isa = PBXFileReference; includeInIndex = 1; lastKnownFileType = text.xcconfig; name = "Pods-ELSpace.debug.xcconfig"; path = "Pods/Target Support Files/Pods-ELSpace/Pods-ELSpace.debug.xcconfig"; sourceTree = "<group>"; };
		EF02DB0596F1250A4BD0553C /* Pods-ELSpaceTests.release.xcconfig */ = {isa = PBXFileReference; includeInIndex = 1; lastKnownFileType = text.xcconfig; name = "Pods-ELSpaceTests.release.xcconfig"; path = "Pods/Target Support Files/Pods-ELSpaceTests/Pods-ELSpaceTests.release.xcconfig"; sourceTree = "<group>"; };
		F516EAA31CF2B127307DF495 /* Pods-ELSpaceTests.debug.xcconfig */ = {isa = PBXFileReference; includeInIndex = 1; lastKnownFileType = text.xcconfig; name = "Pods-ELSpaceTests.debug.xcconfig"; path = "Pods/Target Support Files/Pods-ELSpaceTests/Pods-ELSpaceTests.debug.xcconfig"; sourceTree = "<group>"; };
/* End PBXFileReference section */

/* Begin PBXFrameworksBuildPhase section */
		5048F23D1EDEE7A2001A487E /* Frameworks */ = {
			isa = PBXFrameworksBuildPhase;
			buildActionMask = 2147483647;
			files = (
				358D6C6C62E8C93D9E41F5BF /* Pods_ELSpace.framework in Frameworks */,
			);
			runOnlyForDeploymentPostprocessing = 0;
		};
		5048F2511EDEE7A2001A487E /* Frameworks */ = {
			isa = PBXFrameworksBuildPhase;
			buildActionMask = 2147483647;
			files = (
				27BE1933A63FE09C3C00D679 /* Pods_ELSpaceTests.framework in Frameworks */,
			);
			runOnlyForDeploymentPostprocessing = 0;
		};
/* End PBXFrameworksBuildPhase section */

/* Begin PBXGroup section */
		060A93691EEF01B900EA3293 /* Extensions */ = {
			isa = PBXGroup;
			children = (
				47F1DCAC1F30A7160039B34E /* UIColor */,
				AFB47B551F288DF400E0A922 /* Data_HubToken.swift */,
				AFE916D81F32048300C4D27A /* Dictionary_Add.swift */,
				060A936A1EEF01D000EA3293 /* String+Email.swift */,
				862F49B01EF151A50033112C /* UIAlertController+Creation.swift */,
				47F1DCAA1F30A49A0039B34E /* UINavigationController_HubStyling.swift */,
			);
			path = Extensions;
			sourceTree = "<group>";
		};
		060F4C8E1EE945F200AA2389 /* Commons */ = {
			isa = PBXGroup;
			children = (
				060A93691EEF01B900EA3293 /* Extensions */,
				AFE916D11F31E35300C4D27A /* Loading */,
				477161F71F2B2CF30051EDE3 /* Mapper */,
				477161FD1F2B5B970051EDE3 /* Presenters */,
				060F4C8F1EE945FB00AA2389 /* Providers */,
				AF4AD7D31F20D74D005B5524 /* Validators */,
			);
			path = Commons;
			sourceTree = "<group>";
		};
		060F4C8F1EE945FB00AA2389 /* Providers */ = {
			isa = PBXGroup;
			children = (
				060F4C911EE9461000AA2389 /* GoogleToken */,
			);
			path = Providers;
			sourceTree = "<group>";
		};
		060F4C911EE9461000AA2389 /* GoogleToken */ = {
			isa = PBXGroup;
			children = (
				060F4C8A1EE945D000AA2389 /* GoogleSignIn.swift */,
				862F49AE1EF14C3C0033112C /* GoogleUserManager.swift */,
				060F4C8B1EE945D000AA2389 /* GoogleUserProvider.swift */,
			);
			path = GoogleToken;
			sourceTree = "<group>";
		};
		38AB83246424EEB9310A02D4 /* Frameworks */ = {
			isa = PBXGroup;
			children = (
				A7A380DA305A8B49E56FD215 /* Pods_ELSpace.framework */,
				85CAC09C2A97E9B29BF92420 /* Pods_ELSpaceTests.framework */,
			);
			name = Frameworks;
			sourceTree = "<group>";
		};
		477161F71F2B2CF30051EDE3 /* Mapper */ = {
			isa = PBXGroup;
			children = (
				477161F81F2B2CFD0051EDE3 /* GoogleUserMapper.swift */,
			);
			path = Mapper;
			sourceTree = "<group>";
		};
		477161FD1F2B5B970051EDE3 /* Presenters */ = {
			isa = PBXGroup;
			children = (
				477161FE1F2B5BA50051EDE3 /* ViewControllerPresenter.swift */,
			);
			path = Presenters;
			sourceTree = "<group>";
		};
		47CA94941F2A1EBE00D5A9B7 /* ViewControllers */ = {
			isa = PBXGroup;
			children = (
				47CA94951F2A1EF200D5A9B7 /* LoginViewControllerSpec.swift */,
				47F862421F2F461000E7C518 /* SelectionViewControllerSpec.swift */,
			);
			path = ViewControllers;
			sourceTree = "<group>";
		};
		47CA949C1F2A2A2900D5A9B7 /* Fakes */ = {
			isa = PBXGroup;
			children = (
				47CA949D1F2A2A4100D5A9B7 /* AlertFactoryFake.swift */,
				47F862361F2F324500E7C518 /* CoordinatorFake.swift */,
				477161FB1F2B35220051EDE3 /* GoogleUserMapperFake.swift */,
				47F862321F2F316300E7C518 /* LoginViewControllerFake.swift */,
			);
			path = Fakes;
			sourceTree = "<group>";
		};
		47F1DCA61F309ECC0039B34E /* Hub */ = {
			isa = PBXGroup;
			children = (
				47F1DCA71F309ECF0039B34E /* Activity */,
			);
			path = Hub;
			sourceTree = "<group>";
		};
		47F1DCA71F309ECF0039B34E /* Activity */ = {
			isa = PBXGroup;
			children = (
				47F1DCA81F309F320039B34E /* ActivityCoordinator.swift */,
				47F1DCB11F30AC2C0039B34E /* ActivityViewController.swift */,
			);
			path = Activity;
			sourceTree = "<group>";
		};
		47F1DCAC1F30A7160039B34E /* UIColor */ = {
			isa = PBXGroup;
			children = (
				47F1DCAF1F30A7460039B34E /* UIColor_Color.swift */,
				47F1DCAD1F30A7330039B34E /* UIColor_Hex.swift */,
			);
			path = UIColor;
			sourceTree = "<group>";
		};
		47F1DCB41F30DAB70039B34E /* Stubs */ = {
			isa = PBXGroup;
			children = (
				47F1DCB51F30DADC0039B34E /* SelectionViewControllerStub.swift */,
			);
			path = Stubs;
			sourceTree = "<group>";
		};
		47F8622F1F2F256100E7C518 /* Coordinators */ = {
			isa = PBXGroup;
			children = (
				47F862301F2F256E00E7C518 /* AppCoordinatorSpec.swift */,
				47F1DCB91F30DB100039B34E /* SelectionCoordinatorSpec.swift */,
			);
			path = Coordinators;
			sourceTree = "<group>";
		};
		5002D5841EE84D18004C0B10 /* Supporting Files */ = {
			isa = PBXGroup;
			children = (
				5002D5871EE84D18004C0B10 /* Fonts */,
				5002D58D1EE84D18004C0B10 /* Translations */,
				5002D5851EE84D18004C0B10 /* Assets.xcassets */,
				5002D5861EE84D18004C0B10 /* ElSpaceLaunchScreen.storyboard */,
				06BE2E6B1EE88FD1002EED37 /* GoogleService-Info.plist */,
				5002D58B1EE84D18004C0B10 /* Info.plist */,
				5002D58C1EE84D18004C0B10 /* R.generated.swift */,
			);
			path = "Supporting Files";
			sourceTree = "<group>";
		};
		5002D5871EE84D18004C0B10 /* Fonts */ = {
			isa = PBXGroup;
			children = (
				5002D5881EE84D18004C0B10 /* SourceCodePro-Bold.ttf */,
				5002D5891EE84D18004C0B10 /* SourceCodePro-Regular.ttf */,
				5002D58A1EE84D18004C0B10 /* SourceCodePro-Semibold.ttf */,
			);
			path = Fonts;
			sourceTree = "<group>";
		};
		5002D58D1EE84D18004C0B10 /* Translations */ = {
			isa = PBXGroup;
			children = (
				5002D58E1EE84D18004C0B10 /* Localizable.strings */,
				AF48256C1F27513F0081B2CC /* Localizable.swift */,
			);
			path = Translations;
			sourceTree = "<group>";
		};
		500BC97A1EE7F6F40060D31B /* Coordinators */ = {
			isa = PBXGroup;
			children = (
				AFB47B701F28B94B00E0A922 /* AppCoordinator */,
				AFB47B731F28BACE00E0A922 /* Coordinator.swift */,
			);
			path = Coordinators;
			sourceTree = "<group>";
		};
		5034DA091EE99E150095D477 /* Selection */ = {
			isa = PBXGroup;
			children = (
				AFB47B7B1F28C3FA00E0A922 /* SelectionController.swift */,
				AFB47B751F28BB3700E0A922 /* SelectionCoordinator.swift */,
				5034DA0A1EE99E150095D477 /* SelectionView.swift */,
				5034DA0B1EE99E150095D477 /* SelectionViewController.swift */,
				473CBF8E1F33142C00B80FA4 /* SelectionScreenPresenter.swift */,
			);
			path = Selection;
			sourceTree = "<group>";
		};
		5048F2371EDEE7A2001A487E = {
			isa = PBXGroup;
			children = (
				5048F2421EDEE7A2001A487E /* ELSpace */,
				5048F2571EDEE7A2001A487E /* ELSpaceTests */,
				38AB83246424EEB9310A02D4 /* Frameworks */,
				ACF5E16AA40C3E6A3A71A955 /* Pods */,
				5048F2411EDEE7A2001A487E /* Products */,
			);
			sourceTree = "<group>";
		};
		5048F2411EDEE7A2001A487E /* Products */ = {
			isa = PBXGroup;
			children = (
				5048F2401EDEE7A2001A487E /* ELSpace.app */,
				5048F2541EDEE7A2001A487E /* ELSpaceTests.xctest */,
			);
			name = Products;
			sourceTree = "<group>";
		};
		5048F2421EDEE7A2001A487E /* ELSpace */ = {
			isa = PBXGroup;
			children = (
				509E0D781EDEEB2D00414C1D /* Application */,
				060F4C8E1EE945F200AA2389 /* Commons */,
				AFB47B671F28A69C00E0A922 /* Containers */,
				500BC97A1EE7F6F40060D31B /* Coordinators */,
				AF48257A1F275C060081B2CC /* Models */,
				AF4825741F27577C0081B2CC /* Network */,
				509E0D761EDEE9CE00414C1D /* Screens */,
				5002D5841EE84D18004C0B10 /* Supporting Files */,
				86508AAE1EEAA979003FD730 /* ELSpace.entitlements */,
			);
			path = ELSpace;
			sourceTree = "<group>";
		};
		5048F2571EDEE7A2001A487E /* ELSpaceTests */ = {
			isa = PBXGroup;
			children = (
				8613F3411EEEDE2C0037A787 /* TestCases */,
				8613F3401EEEDE050037A787 /* TestDoubles */,
				5048F25A1EDEE7A2001A487E /* Info.plist */,
			);
			path = ELSpaceTests;
			sourceTree = "<group>";
		};
		50902FCA1EE5AD7300D43254 /* BaseViews */ = {
			isa = PBXGroup;
			children = (
				500BC9761EE7EF920060D31B /* BackgroundGradientWithLogo.swift */,
				50902FD21EE5B06B00D43254 /* Button.swift */,
			);
			path = BaseViews;
			sourceTree = "<group>";
		};
		509E0D761EDEE9CE00414C1D /* Screens */ = {
			isa = PBXGroup;
			children = (
				50902FCA1EE5AD7300D43254 /* BaseViews */,
				47F1DCA61F309ECC0039B34E /* Hub */,
				509E0D771EDEEA0600414C1D /* Login */,
				5034DA091EE99E150095D477 /* Selection */,
			);
			path = Screens;
			sourceTree = "<group>";
		};
		509E0D771EDEEA0600414C1D /* Login */ = {
			isa = PBXGroup;
			children = (
				50902FC51EE5AAC700D43254 /* LoginView.swift */,
				5048F2451EDEE7A2001A487E /* LoginViewController.swift */,
			);
			path = Login;
			sourceTree = "<group>";
		};
		509E0D781EDEEB2D00414C1D /* Application */ = {
			isa = PBXGroup;
			children = (
				5048F2431EDEE7A2001A487E /* AppDelegate.swift */,
			);
			path = Application;
			sourceTree = "<group>";
		};
		8613F3401EEEDE050037A787 /* TestDoubles */ = {
			isa = PBXGroup;
			children = (
				47CA949C1F2A2A2900D5A9B7 /* Fakes */,
				AF9B35C01F20F57D0007F453 /* Mocks */,
				AF9B35C11F20F5920007F453 /* Spies */,
				47F1DCB41F30DAB70039B34E /* Stubs */,
			);
			path = TestDoubles;
			sourceTree = "<group>";
		};
		8613F3411EEEDE2C0037A787 /* TestCases */ = {
			isa = PBXGroup;
			children = (
				86D9F91C1EEEBB1A00788C1D /* Commons */,
				AFB47B7F1F28D35C00E0A922 /* Controllers */,
				47F8622F1F2F256100E7C518 /* Coordinators */,
				AF48257F1F276C110081B2CC /* Network */,
				47CA94941F2A1EBE00D5A9B7 /* ViewControllers */,
			);
			path = TestCases;
			sourceTree = "<group>";
		};
		86D9F91C1EEEBB1A00788C1D /* Commons */ = {
			isa = PBXGroup;
			children = (
				AFB47B571F288E5B00E0A922 /* Extensions */,
				86D9F91D1EEEBB3D00788C1D /* Providers */,
				AF4AD7D61F20DC54005B5524 /* Validators */,
				473CBF921F3319BB00B80FA4 /* SelectionScreenPresenterSpec.swift */,
			);
			path = Commons;
			sourceTree = "<group>";
		};
		86D9F91D1EEEBB3D00788C1D /* Providers */ = {
			isa = PBXGroup;
			children = (
				86D9F91E1EEEBB4500788C1D /* GoogleToken */,
			);
			path = Providers;
			sourceTree = "<group>";
		};
		86D9F91E1EEEBB4500788C1D /* GoogleToken */ = {
			isa = PBXGroup;
			children = (
				AF4AD7C71F20B918005B5524 /* GoogleUserManagerSpec.swift */,
				86D9F91F1EEEBB9100788C1D /* GoogleUserProviderSpec.swift */,
			);
			path = GoogleToken;
			sourceTree = "<group>";
		};
		ACF5E16AA40C3E6A3A71A955 /* Pods */ = {
			isa = PBXGroup;
			children = (
				E72147DECCA8EAEE7B4DBA7C /* Pods-ELSpace.debug.xcconfig */,
				1E21319772B1B80346FB867E /* Pods-ELSpace.release.xcconfig */,
				F516EAA31CF2B127307DF495 /* Pods-ELSpaceTests.debug.xcconfig */,
				EF02DB0596F1250A4BD0553C /* Pods-ELSpaceTests.release.xcconfig */,
			);
			name = Pods;
			sourceTree = "<group>";
		};
		AF4825741F27577C0081B2CC /* Network */ = {
			isa = PBXGroup;
			children = (
				AF4825751F2757900081B2CC /* ApiClient */,
				AF4825881F2780510081B2CC /* Services */,
			);
			path = Network;
			sourceTree = "<group>";
		};
		AF4825751F2757900081B2CC /* ApiClient */ = {
			isa = PBXGroup;
			children = (
				AF48257D1F275D810081B2CC /* ApiClient.swift */,
				AF4825781F275AC50081B2CC /* RequestPerformer.swift */,
				AF4825761F2758480081B2CC /* RequestWrapper.swift */,
			);
			path = ApiClient;
			sourceTree = "<group>";
		};
		AF48257A1F275C060081B2CC /* Models */ = {
			isa = PBXGroup;
			children = (
				AFB47B621F28A5EC00E0A922 /* ApiError.swift */,
				AFE916D61F31FCC800C4D27A /* HubSession.swift */,
				AF48257B1F275C140081B2CC /* Response.swift */,
			);
			path = Models;
			sourceTree = "<group>";
		};
		AF48257F1F276C110081B2CC /* Network */ = {
			isa = PBXGroup;
			children = (
				AFB47B611F28A4B300E0A922 /* ApiClient */,
				AFB47B5A1F28969200E0A922 /* Services */,
			);
			path = Network;
			sourceTree = "<group>";
		};
		AF4825881F2780510081B2CC /* Services */ = {
			isa = PBXGroup;
			children = (
				AFE916D41F31FAF000C4D27A /* ApiClientHubDecorator.swift */,
				AF4825891F27813C0081B2CC /* HubTokenService.swift */,
			);
			path = Services;
			sourceTree = "<group>";
		};
		AF4AD7D31F20D74D005B5524 /* Validators */ = {
			isa = PBXGroup;
			children = (
				AF4AD7D41F20D75C005B5524 /* EmailValidator.swift */,
				AF4AD7D91F20E325005B5524 /* GoogleUserValidator.swift */,
			);
			path = Validators;
			sourceTree = "<group>";
		};
		AF4AD7D61F20DC54005B5524 /* Validators */ = {
			isa = PBXGroup;
			children = (
				AF4AD7D71F20DC63005B5524 /* EmailValidatorSpec.swift */,
			);
			path = Validators;
			sourceTree = "<group>";
		};
		AF9B35C01F20F57D0007F453 /* Mocks */ = {
			isa = PBXGroup;
			children = (
				47F1DCBB1F30DBCB0039B34E /* ActivityCoordinatorFactoryMock.swift */,
				86F3AAF91EEEBDC500A5C88B /* GoogleSignInMock.swift */,
				47F8623C1F2F332C00E7C518 /* SelectionCoordinatorFactoryMock.swift */,
				473CBF941F331D5000B80FA4 /* SelectionScreenPresenterMock.swift */,
			);
			path = Mocks;
			sourceTree = "<group>";
		};
		AF9B35C11F20F5920007F453 /* Spies */ = {
			isa = PBXGroup;
			children = (
				AFB47B5D1F2896D000E0A922 /* ApiClientSpy.swift */,
				47F1DCB71F30DAF20039B34E /* DebateRunnerSpy.swift */,
				47CA94A11F2A2B6200D5A9B7 /* GoogleUserManagerSpy.swift */,
				AF4AD7C91F20B963005B5524 /* GoogleUserProviderSpy.swift */,
				AF4AD7DB1F20E95D005B5524 /* GoogleUserValidatorSpy.swift */,
				AFB47B821F28D3BC00E0A922 /* HubTokenServiceSpy.swift */,
				AF4825861F2779260081B2CC /* RequestPerformerSpy.swift */,
				AF4825821F276C6A0081B2CC /* RequestWrapperSpy.swift */,
				47F862441F2F468400E7C518 /* SelectionControllerSpy.swift */,
				47CA949F1F2A2AA300D5A9B7 /* ViewControllerPresenterSpy.swift */,
			);
			path = Spies;
			sourceTree = "<group>";
		};
		AFB47B571F288E5B00E0A922 /* Extensions */ = {
			isa = PBXGroup;
			children = (
				AFE916DA1F3204F100C4D27A /* DictionaryAddSpec.swift */,
				AFB47B581F288E7000E0A922 /* HubTokenSpec.swift */,
				AFB47B861F28DE2D00E0A922 /* UIAlertControllerCreation.swift */,
			);
			path = Extensions;
			sourceTree = "<group>";
		};
		AFB47B5A1F28969200E0A922 /* Services */ = {
			isa = PBXGroup;
			children = (
				AFE916DC1F3213D200C4D27A /* ApiClientHubDecoratorSpec.swift */,
				AFB47B5B1F28969F00E0A922 /* HubTokenServiceSpec.swift */,
			);
			path = Services;
			sourceTree = "<group>";
		};
		AFB47B611F28A4B300E0A922 /* ApiClient */ = {
			isa = PBXGroup;
			children = (
				AF4825841F2778D50081B2CC /* ApiClientSpec.swift */,
				AF4825801F276C260081B2CC /* RequestPerformerSpec.swift */,
			);
			path = ApiClient;
			sourceTree = "<group>";
		};
		AFB47B671F28A69C00E0A922 /* Containers */ = {
			isa = PBXGroup;
			children = (
				AFB47B6F1F28B93B00E0A922 /* AppContainer */,
			);
			path = Containers;
			sourceTree = "<group>";
		};
		AFB47B6F1F28B93B00E0A922 /* AppContainer */ = {
			isa = PBXGroup;
			children = (
				AFB47B681F28A6A800E0A922 /* AppContainer.swift */,
				47F8623E1F2F399700E7C518 /* AppContainer_CoordinatorFactories.swift */,
				AFB47B6D1F28B8ED00E0A922 /* AppContainer_ServiceFactoring.swift */,
				47F862401F2F39F500E7C518 /* AppContainer_ViewControllerFactories.swift */,
				473CBF901F33191600B80FA4 /* AppContainer_Common.swift */,
			);
			path = AppContainer;
			sourceTree = "<group>";
		};
		AFB47B701F28B94B00E0A922 /* AppCoordinator */ = {
			isa = PBXGroup;
			children = (
				500BC97B1EE7F7380060D31B /* AppCoordinator.swift */,
			);
			path = AppCoordinator;
			sourceTree = "<group>";
		};
		AFB47B7F1F28D35C00E0A922 /* Controllers */ = {
			isa = PBXGroup;
			children = (
				AFB47B801F28D37100E0A922 /* SelectionControllerSpec.swift */,
			);
			path = Controllers;
			sourceTree = "<group>";
		};
		AFE916D11F31E35300C4D27A /* Loading */ = {
			isa = PBXGroup;
			children = (
				AFE916D21F31E36200C4D27A /* LoadingIndicator.swift */,
			);
			path = Loading;
			sourceTree = "<group>";
		};
/* End PBXGroup section */

/* Begin PBXNativeTarget section */
		5048F23F1EDEE7A2001A487E /* ELSpace */ = {
			isa = PBXNativeTarget;
			buildConfigurationList = 5048F25D1EDEE7A2001A487E /* Build configuration list for PBXNativeTarget "ELSpace" */;
			buildPhases = (
				DB9B6134B471CE550212AD33 /* [CP] Check Pods Manifest.lock */,
				50104C331EE6DF9D008543D9 /* [R.Swift] Script Phase */,
				AF6376091F1CBBC7007C1A77 /* Swiftlint */,
				5048F23C1EDEE7A2001A487E /* Sources */,
				5048F23D1EDEE7A2001A487E /* Frameworks */,
				5048F23E1EDEE7A2001A487E /* Resources */,
				469000C3607016261A658C31 /* [CP] Embed Pods Frameworks */,
				2F12F4844A0560EA8FD7D01A /* [CP] Copy Pods Resources */,
			);
			buildRules = (
			);
			dependencies = (
			);
			name = ELSpace;
			productName = ELSpace;
			productReference = 5048F2401EDEE7A2001A487E /* ELSpace.app */;
			productType = "com.apple.product-type.application";
		};
		5048F2531EDEE7A2001A487E /* ELSpaceTests */ = {
			isa = PBXNativeTarget;
			buildConfigurationList = 5048F2601EDEE7A2001A487E /* Build configuration list for PBXNativeTarget "ELSpaceTests" */;
			buildPhases = (
				8C82A79EE7C85310CE913EE7 /* [CP] Check Pods Manifest.lock */,
				AF63760A1F1CC3C0007C1A77 /* Swiftlint */,
				5048F2501EDEE7A2001A487E /* Sources */,
				5048F2511EDEE7A2001A487E /* Frameworks */,
				5048F2521EDEE7A2001A487E /* Resources */,
				906E81B70CAD04FD955689A3 /* [CP] Embed Pods Frameworks */,
				623D007B81D699FC01052653 /* [CP] Copy Pods Resources */,
			);
			buildRules = (
			);
			dependencies = (
				5048F2561EDEE7A2001A487E /* PBXTargetDependency */,
			);
			name = ELSpaceTests;
			productName = ELSpaceTests;
			productReference = 5048F2541EDEE7A2001A487E /* ELSpaceTests.xctest */;
			productType = "com.apple.product-type.bundle.unit-test";
		};
/* End PBXNativeTarget section */

/* Begin PBXProject section */
		5048F2381EDEE7A2001A487E /* Project object */ = {
			isa = PBXProject;
			attributes = {
				LastSwiftUpdateCheck = 0830;
				LastUpgradeCheck = 0830;
				ORGANIZATIONNAME = "El Passion";
				TargetAttributes = {
					5048F23F1EDEE7A2001A487E = {
						CreatedOnToolsVersion = 8.3.1;
						DevelopmentTeam = H5QFB36W2F;
						LastSwiftMigration = 0830;
						ProvisioningStyle = Manual;
						SystemCapabilities = {
							com.apple.Push = {
								enabled = 1;
							};
						};
					};
					5048F2531EDEE7A2001A487E = {
						CreatedOnToolsVersion = 8.3.1;
						ProvisioningStyle = Manual;
						TestTargetID = 5048F23F1EDEE7A2001A487E;
					};
				};
			};
			buildConfigurationList = 5048F23B1EDEE7A2001A487E /* Build configuration list for PBXProject "ELSpace" */;
			compatibilityVersion = "Xcode 3.2";
			developmentRegion = English;
			hasScannedForEncodings = 0;
			knownRegions = (
				en,
				Base,
			);
			mainGroup = 5048F2371EDEE7A2001A487E;
			productRefGroup = 5048F2411EDEE7A2001A487E /* Products */;
			projectDirPath = "";
			projectRoot = "";
			targets = (
				5048F23F1EDEE7A2001A487E /* ELSpace */,
				5048F2531EDEE7A2001A487E /* ELSpaceTests */,
			);
		};
/* End PBXProject section */

/* Begin PBXResourcesBuildPhase section */
		5048F23E1EDEE7A2001A487E /* Resources */ = {
			isa = PBXResourcesBuildPhase;
			buildActionMask = 2147483647;
			files = (
				5002D5941EE84D18004C0B10 /* SourceCodePro-Semibold.ttf in Resources */,
				5002D5921EE84D18004C0B10 /* SourceCodePro-Bold.ttf in Resources */,
				5002D5971EE84D18004C0B10 /* Localizable.strings in Resources */,
				5002D5931EE84D18004C0B10 /* SourceCodePro-Regular.ttf in Resources */,
				5002D5901EE84D18004C0B10 /* Assets.xcassets in Resources */,
				5002D5911EE84D18004C0B10 /* ElSpaceLaunchScreen.storyboard in Resources */,
				06BE2E6C1EE88FD1002EED37 /* GoogleService-Info.plist in Resources */,
			);
			runOnlyForDeploymentPostprocessing = 0;
		};
		5048F2521EDEE7A2001A487E /* Resources */ = {
			isa = PBXResourcesBuildPhase;
			buildActionMask = 2147483647;
			files = (
				06BE2E6D1EE88FD1002EED37 /* GoogleService-Info.plist in Resources */,
			);
			runOnlyForDeploymentPostprocessing = 0;
		};
/* End PBXResourcesBuildPhase section */

/* Begin PBXShellScriptBuildPhase section */
		2F12F4844A0560EA8FD7D01A /* [CP] Copy Pods Resources */ = {
			isa = PBXShellScriptBuildPhase;
			buildActionMask = 2147483647;
			files = (
			);
			inputPaths = (
			);
			name = "[CP] Copy Pods Resources";
			outputPaths = (
			);
			runOnlyForDeploymentPostprocessing = 0;
			shellPath = /bin/sh;
			shellScript = "\"${SRCROOT}/Pods/Target Support Files/Pods-ELSpace/Pods-ELSpace-resources.sh\"\n";
			showEnvVarsInLog = 0;
		};
		469000C3607016261A658C31 /* [CP] Embed Pods Frameworks */ = {
			isa = PBXShellScriptBuildPhase;
			buildActionMask = 2147483647;
			files = (
			);
			inputPaths = (
			);
			name = "[CP] Embed Pods Frameworks";
			outputPaths = (
			);
			runOnlyForDeploymentPostprocessing = 0;
			shellPath = /bin/sh;
			shellScript = "\"${SRCROOT}/Pods/Target Support Files/Pods-ELSpace/Pods-ELSpace-frameworks.sh\"\n";
			showEnvVarsInLog = 0;
		};
		50104C331EE6DF9D008543D9 /* [R.Swift] Script Phase */ = {
			isa = PBXShellScriptBuildPhase;
			buildActionMask = 2147483647;
			files = (
			);
			inputPaths = (
			);
			name = "[R.Swift] Script Phase";
			outputPaths = (
			);
			runOnlyForDeploymentPostprocessing = 0;
			shellPath = /bin/sh;
			shellScript = "\"$PODS_ROOT/R.swift/rswift\" \"$SRCROOT/ELSpace/Supporting Files\"";
		};
		623D007B81D699FC01052653 /* [CP] Copy Pods Resources */ = {
			isa = PBXShellScriptBuildPhase;
			buildActionMask = 2147483647;
			files = (
			);
			inputPaths = (
			);
			name = "[CP] Copy Pods Resources";
			outputPaths = (
			);
			runOnlyForDeploymentPostprocessing = 0;
			shellPath = /bin/sh;
			shellScript = "\"${SRCROOT}/Pods/Target Support Files/Pods-ELSpaceTests/Pods-ELSpaceTests-resources.sh\"\n";
			showEnvVarsInLog = 0;
		};
		8C82A79EE7C85310CE913EE7 /* [CP] Check Pods Manifest.lock */ = {
			isa = PBXShellScriptBuildPhase;
			buildActionMask = 2147483647;
			files = (
			);
			inputPaths = (
			);
			name = "[CP] Check Pods Manifest.lock";
			outputPaths = (
			);
			runOnlyForDeploymentPostprocessing = 0;
			shellPath = /bin/sh;
			shellScript = "diff \"${PODS_PODFILE_DIR_PATH}/Podfile.lock\" \"${PODS_ROOT}/Manifest.lock\" > /dev/null\nif [ $? != 0 ] ; then\n    # print error to STDERR\n    echo \"error: The sandbox is not in sync with the Podfile.lock. Run 'pod install' or update your CocoaPods installation.\" >&2\n    exit 1\nfi\n";
			showEnvVarsInLog = 0;
		};
		906E81B70CAD04FD955689A3 /* [CP] Embed Pods Frameworks */ = {
			isa = PBXShellScriptBuildPhase;
			buildActionMask = 2147483647;
			files = (
			);
			inputPaths = (
			);
			name = "[CP] Embed Pods Frameworks";
			outputPaths = (
			);
			runOnlyForDeploymentPostprocessing = 0;
			shellPath = /bin/sh;
			shellScript = "\"${SRCROOT}/Pods/Target Support Files/Pods-ELSpaceTests/Pods-ELSpaceTests-frameworks.sh\"\n";
			showEnvVarsInLog = 0;
		};
		AF6376091F1CBBC7007C1A77 /* Swiftlint */ = {
			isa = PBXShellScriptBuildPhase;
			buildActionMask = 2147483647;
			files = (
			);
			inputPaths = (
			);
			name = Swiftlint;
			outputPaths = (
			);
			runOnlyForDeploymentPostprocessing = 0;
			shellPath = /bin/sh;
			shellScript = "if [ \"$CI\" = \"true\" ]; then\n    echo \"Skipping SwiftLint on CI\"\n    exit 0\nfi\ncd ELSpace; ${PODS_ROOT}/SwiftLint/swiftlint";
		};
		AF63760A1F1CC3C0007C1A77 /* Swiftlint */ = {
			isa = PBXShellScriptBuildPhase;
			buildActionMask = 2147483647;
			files = (
			);
			inputPaths = (
			);
			name = Swiftlint;
			outputPaths = (
			);
			runOnlyForDeploymentPostprocessing = 0;
			shellPath = /bin/sh;
			shellScript = "if [ \"$CI\" = \"true\" ]; then\n    echo \"Skipping SwiftLint on CI\"\n    exit 0\nfi\ncd ELSpaceTests; ${PODS_ROOT}/SwiftLint/swiftlint";
		};
		DB9B6134B471CE550212AD33 /* [CP] Check Pods Manifest.lock */ = {
			isa = PBXShellScriptBuildPhase;
			buildActionMask = 2147483647;
			files = (
			);
			inputPaths = (
			);
			name = "[CP] Check Pods Manifest.lock";
			outputPaths = (
			);
			runOnlyForDeploymentPostprocessing = 0;
			shellPath = /bin/sh;
			shellScript = "diff \"${PODS_PODFILE_DIR_PATH}/Podfile.lock\" \"${PODS_ROOT}/Manifest.lock\" > /dev/null\nif [ $? != 0 ] ; then\n    # print error to STDERR\n    echo \"error: The sandbox is not in sync with the Podfile.lock. Run 'pod install' or update your CocoaPods installation.\" >&2\n    exit 1\nfi\n";
			showEnvVarsInLog = 0;
		};
/* End PBXShellScriptBuildPhase section */

/* Begin PBXSourcesBuildPhase section */
		5048F23C1EDEE7A2001A487E /* Sources */ = {
			isa = PBXSourcesBuildPhase;
			buildActionMask = 2147483647;
			files = (
				AF4AD7DA1F20E325005B5524 /* GoogleUserValidator.swift in Sources */,
				AFE916D51F31FAF000C4D27A /* ApiClientHubDecorator.swift in Sources */,
				500BC9771EE7EF920060D31B /* BackgroundGradientWithLogo.swift in Sources */,
				AF48258A1F27813C0081B2CC /* HubTokenService.swift in Sources */,
				47F1DCA91F309F320039B34E /* ActivityCoordinator.swift in Sources */,
				5034DA0D1EE99E150095D477 /* SelectionViewController.swift in Sources */,
				47F862411F2F39F600E7C518 /* AppContainer_ViewControllerFactories.swift in Sources */,
				473CBF8F1F33142C00B80FA4 /* SelectionScreenPresenter.swift in Sources */,
				AF4825791F275AC50081B2CC /* RequestPerformer.swift in Sources */,
				060A936B1EEF01D000EA3293 /* String+Email.swift in Sources */,
				47F1DCB01F30A7460039B34E /* UIColor_Color.swift in Sources */,
				060F4C8D1EE945D000AA2389 /* GoogleUserProvider.swift in Sources */,
				47F1DCAB1F30A49A0039B34E /* UINavigationController_HubStyling.swift in Sources */,
				AFB47B561F288DF400E0A922 /* Data_HubToken.swift in Sources */,
				5002D5961EE84D18004C0B10 /* R.generated.swift in Sources */,
				862F49AF1EF14C3C0033112C /* GoogleUserManager.swift in Sources */,
				060F4C8C1EE945D000AA2389 /* GoogleSignIn.swift in Sources */,
				AFB47B691F28A6A800E0A922 /* AppContainer.swift in Sources */,
				AF48257E1F275D810081B2CC /* ApiClient.swift in Sources */,
				AF4825771F2758480081B2CC /* RequestWrapper.swift in Sources */,
				473CBF911F33191600B80FA4 /* AppContainer_Common.swift in Sources */,
				AFE916D71F31FCC800C4D27A /* HubSession.swift in Sources */,
				AFE916D31F31E36200C4D27A /* LoadingIndicator.swift in Sources */,
				862F49B11EF151A50033112C /* UIAlertController+Creation.swift in Sources */,
				AF4AD7D51F20D75C005B5524 /* EmailValidator.swift in Sources */,
				5048F2461EDEE7A2001A487E /* LoginViewController.swift in Sources */,
				AF48256D1F27513F0081B2CC /* Localizable.swift in Sources */,
				AFE916D91F32048300C4D27A /* Dictionary_Add.swift in Sources */,
				AFB47B7C1F28C3FA00E0A922 /* SelectionController.swift in Sources */,
				50902FC61EE5AAC700D43254 /* LoginView.swift in Sources */,
				477161FF1F2B5BA50051EDE3 /* ViewControllerPresenter.swift in Sources */,
				477161F91F2B2CFD0051EDE3 /* GoogleUserMapper.swift in Sources */,
				500BC97C1EE7F7380060D31B /* AppCoordinator.swift in Sources */,
				AFB47B741F28BACE00E0A922 /* Coordinator.swift in Sources */,
				50902FD31EE5B06B00D43254 /* Button.swift in Sources */,
				5048F2441EDEE7A2001A487E /* AppDelegate.swift in Sources */,
				AFB47B6E1F28B8ED00E0A922 /* AppContainer_ServiceFactoring.swift in Sources */,
				47F8623F1F2F399700E7C518 /* AppContainer_CoordinatorFactories.swift in Sources */,
				AFB47B631F28A5EC00E0A922 /* ApiError.swift in Sources */,
				AF48257C1F275C140081B2CC /* Response.swift in Sources */,
				47F1DCAE1F30A7330039B34E /* UIColor_Hex.swift in Sources */,
				47F1DCB21F30AC2C0039B34E /* ActivityViewController.swift in Sources */,
				5034DA0C1EE99E150095D477 /* SelectionView.swift in Sources */,
				AFB47B761F28BB3700E0A922 /* SelectionCoordinator.swift in Sources */,
			);
			runOnlyForDeploymentPostprocessing = 0;
		};
		5048F2501EDEE7A2001A487E /* Sources */ = {
			isa = PBXSourcesBuildPhase;
			buildActionMask = 2147483647;
			files = (
				47F862371F2F324500E7C518 /* CoordinatorFake.swift in Sources */,
				AF4825831F276C6A0081B2CC /* RequestWrapperSpy.swift in Sources */,
				86F3AAFA1EEEBDC500A5C88B /* GoogleSignInMock.swift in Sources */,
				AFB47B831F28D3BC00E0A922 /* HubTokenServiceSpy.swift in Sources */,
				47CA94961F2A1EF200D5A9B7 /* LoginViewControllerSpec.swift in Sources */,
				AF4AD7CA1F20B963005B5524 /* GoogleUserProviderSpy.swift in Sources */,
				47F862451F2F468400E7C518 /* SelectionControllerSpy.swift in Sources */,
				47F862431F2F461000E7C518 /* SelectionViewControllerSpec.swift in Sources */,
				47F1DCBA1F30DB100039B34E /* SelectionCoordinatorSpec.swift in Sources */,
				AFB47B591F288E7000E0A922 /* HubTokenSpec.swift in Sources */,
				AF4AD7DC1F20E95D005B5524 /* GoogleUserValidatorSpy.swift in Sources */,
				47F862311F2F256E00E7C518 /* AppCoordinatorSpec.swift in Sources */,
				AFB47B811F28D37100E0A922 /* SelectionControllerSpec.swift in Sources */,
				47F1DCB81F30DAF20039B34E /* DebateRunnerSpy.swift in Sources */,
				86D9F9201EEEBB9100788C1D /* GoogleUserProviderSpec.swift in Sources */,
				47F1DCB61F30DADC0039B34E /* SelectionViewControllerStub.swift in Sources */,
				AF4825851F2778D50081B2CC /* ApiClientSpec.swift in Sources */,
				AFB47B871F28DE2D00E0A922 /* UIAlertControllerCreation.swift in Sources */,
				47CA94A01F2A2AA300D5A9B7 /* ViewControllerPresenterSpy.swift in Sources */,
				47CA94A21F2A2B6200D5A9B7 /* GoogleUserManagerSpy.swift in Sources */,
				AF4AD7C81F20B918005B5524 /* GoogleUserManagerSpec.swift in Sources */,
				47CA949E1F2A2A4100D5A9B7 /* AlertFactoryFake.swift in Sources */,
				47F1DCBC1F30DBCB0039B34E /* ActivityCoordinatorFactoryMock.swift in Sources */,
				473CBF931F3319BB00B80FA4 /* SelectionScreenPresenterSpec.swift in Sources */,
				47F862331F2F316300E7C518 /* LoginViewControllerFake.swift in Sources */,
				AFB47B5C1F28969F00E0A922 /* HubTokenServiceSpec.swift in Sources */,
				AF4825871F2779260081B2CC /* RequestPerformerSpy.swift in Sources */,
				477161FC1F2B35220051EDE3 /* GoogleUserMapperFake.swift in Sources */,
				47F8623D1F2F332C00E7C518 /* SelectionCoordinatorFactoryMock.swift in Sources */,
				AFE916DB1F3204F100C4D27A /* DictionaryAddSpec.swift in Sources */,
				AFE916DD1F3213D200C4D27A /* ApiClientHubDecoratorSpec.swift in Sources */,
				AF4825811F276C260081B2CC /* RequestPerformerSpec.swift in Sources */,
				AF4AD7D81F20DC63005B5524 /* EmailValidatorSpec.swift in Sources */,
				AFB47B5E1F2896D000E0A922 /* ApiClientSpy.swift in Sources */,
				473CBF951F331D5000B80FA4 /* SelectionScreenPresenterMock.swift in Sources */,
			);
			runOnlyForDeploymentPostprocessing = 0;
		};
/* End PBXSourcesBuildPhase section */

/* Begin PBXTargetDependency section */
		5048F2561EDEE7A2001A487E /* PBXTargetDependency */ = {
			isa = PBXTargetDependency;
			target = 5048F23F1EDEE7A2001A487E /* ELSpace */;
			targetProxy = 5048F2551EDEE7A2001A487E /* PBXContainerItemProxy */;
		};
/* End PBXTargetDependency section */

/* Begin PBXVariantGroup section */
		5002D58E1EE84D18004C0B10 /* Localizable.strings */ = {
			isa = PBXVariantGroup;
			children = (
				5002D58F1EE84D18004C0B10 /* Base */,
			);
			name = Localizable.strings;
			path = .;
			sourceTree = "<group>";
		};
/* End PBXVariantGroup section */

/* Begin XCBuildConfiguration section */
		5048F25B1EDEE7A2001A487E /* Debug */ = {
			isa = XCBuildConfiguration;
			buildSettings = {
				ALWAYS_SEARCH_USER_PATHS = NO;
				CLANG_ANALYZER_NONNULL = YES;
				CLANG_ANALYZER_NUMBER_OBJECT_CONVERSION = YES_AGGRESSIVE;
				CLANG_CXX_LANGUAGE_STANDARD = "gnu++0x";
				CLANG_CXX_LIBRARY = "libc++";
				CLANG_ENABLE_MODULES = YES;
				CLANG_ENABLE_OBJC_ARC = YES;
				CLANG_WARN_BOOL_CONVERSION = YES;
				CLANG_WARN_CONSTANT_CONVERSION = YES;
				CLANG_WARN_DIRECT_OBJC_ISA_USAGE = YES_ERROR;
				CLANG_WARN_DOCUMENTATION_COMMENTS = YES;
				CLANG_WARN_EMPTY_BODY = YES;
				CLANG_WARN_ENUM_CONVERSION = YES;
				CLANG_WARN_INFINITE_RECURSION = YES;
				CLANG_WARN_INT_CONVERSION = YES;
				CLANG_WARN_OBJC_ROOT_CLASS = YES_ERROR;
				CLANG_WARN_SUSPICIOUS_MOVE = YES;
				CLANG_WARN_UNREACHABLE_CODE = YES;
				CLANG_WARN__DUPLICATE_METHOD_MATCH = YES;
				"CODE_SIGN_IDENTITY[sdk=iphoneos*]" = "iPhone Developer";
				COPY_PHASE_STRIP = NO;
				DEBUG_INFORMATION_FORMAT = dwarf;
				ENABLE_STRICT_OBJC_MSGSEND = YES;
				ENABLE_TESTABILITY = YES;
				GCC_C_LANGUAGE_STANDARD = gnu99;
				GCC_DYNAMIC_NO_PIC = NO;
				GCC_NO_COMMON_BLOCKS = YES;
				GCC_OPTIMIZATION_LEVEL = 0;
				GCC_PREPROCESSOR_DEFINITIONS = (
					"DEBUG=1",
					"$(inherited)",
				);
				GCC_WARN_64_TO_32_BIT_CONVERSION = YES;
				GCC_WARN_ABOUT_RETURN_TYPE = YES_ERROR;
				GCC_WARN_UNDECLARED_SELECTOR = YES;
				GCC_WARN_UNINITIALIZED_AUTOS = YES_AGGRESSIVE;
				GCC_WARN_UNUSED_FUNCTION = YES;
				GCC_WARN_UNUSED_VARIABLE = YES;
				IPHONEOS_DEPLOYMENT_TARGET = 10.3;
				MTL_ENABLE_DEBUG_INFO = YES;
				ONLY_ACTIVE_ARCH = YES;
				SDKROOT = iphoneos;
				SWIFT_ACTIVE_COMPILATION_CONDITIONS = DEBUG;
				SWIFT_OPTIMIZATION_LEVEL = "-Onone";
			};
			name = Debug;
		};
		5048F25C1EDEE7A2001A487E /* Release */ = {
			isa = XCBuildConfiguration;
			buildSettings = {
				ALWAYS_SEARCH_USER_PATHS = NO;
				CLANG_ANALYZER_NONNULL = YES;
				CLANG_ANALYZER_NUMBER_OBJECT_CONVERSION = YES_AGGRESSIVE;
				CLANG_CXX_LANGUAGE_STANDARD = "gnu++0x";
				CLANG_CXX_LIBRARY = "libc++";
				CLANG_ENABLE_MODULES = YES;
				CLANG_ENABLE_OBJC_ARC = YES;
				CLANG_WARN_BOOL_CONVERSION = YES;
				CLANG_WARN_CONSTANT_CONVERSION = YES;
				CLANG_WARN_DIRECT_OBJC_ISA_USAGE = YES_ERROR;
				CLANG_WARN_DOCUMENTATION_COMMENTS = YES;
				CLANG_WARN_EMPTY_BODY = YES;
				CLANG_WARN_ENUM_CONVERSION = YES;
				CLANG_WARN_INFINITE_RECURSION = YES;
				CLANG_WARN_INT_CONVERSION = YES;
				CLANG_WARN_OBJC_ROOT_CLASS = YES_ERROR;
				CLANG_WARN_SUSPICIOUS_MOVE = YES;
				CLANG_WARN_UNREACHABLE_CODE = YES;
				CLANG_WARN__DUPLICATE_METHOD_MATCH = YES;
				"CODE_SIGN_IDENTITY[sdk=iphoneos*]" = "iPhone Developer";
				COPY_PHASE_STRIP = NO;
				DEBUG_INFORMATION_FORMAT = "dwarf-with-dsym";
				ENABLE_NS_ASSERTIONS = NO;
				ENABLE_STRICT_OBJC_MSGSEND = YES;
				GCC_C_LANGUAGE_STANDARD = gnu99;
				GCC_NO_COMMON_BLOCKS = YES;
				GCC_WARN_64_TO_32_BIT_CONVERSION = YES;
				GCC_WARN_ABOUT_RETURN_TYPE = YES_ERROR;
				GCC_WARN_UNDECLARED_SELECTOR = YES;
				GCC_WARN_UNINITIALIZED_AUTOS = YES_AGGRESSIVE;
				GCC_WARN_UNUSED_FUNCTION = YES;
				GCC_WARN_UNUSED_VARIABLE = YES;
				IPHONEOS_DEPLOYMENT_TARGET = 10.3;
				MTL_ENABLE_DEBUG_INFO = NO;
				SDKROOT = iphoneos;
				SWIFT_OPTIMIZATION_LEVEL = "-Owholemodule";
				VALIDATE_PRODUCT = YES;
			};
			name = Release;
		};
		5048F25E1EDEE7A2001A487E /* Debug */ = {
			isa = XCBuildConfiguration;
			baseConfigurationReference = E72147DECCA8EAEE7B4DBA7C /* Pods-ELSpace.debug.xcconfig */;
			buildSettings = {
				ASSETCATALOG_COMPILER_APPICON_NAME = AppIcon;
				CLANG_ENABLE_MODULES = YES;
				CODE_SIGN_ENTITLEMENTS = ELSpace/ELSpace.entitlements;
				CODE_SIGN_IDENTITY = "iPhone Developer: Dariusz Rybicki (KB57E8RV46)";
				CURRENT_PROJECT_VERSION = 9;
				DEVELOPMENT_TEAM = H5QFB36W2F;
				INFOPLIST_FILE = "ELSpace/Supporting Files/Info.plist";
				LD_RUNPATH_SEARCH_PATHS = "$(inherited) @executable_path/Frameworks";
				PRODUCT_BUNDLE_IDENTIFIER = pl.elpassion.ELSpace;
				PRODUCT_NAME = "$(TARGET_NAME)";
				PROVISIONING_PROFILE = "d4cb3946-1335-49ba-a1a2-445092f0d8e3";
				PROVISIONING_PROFILE_SPECIFIER = "match Development pl.elpassion.ELSpace";
				SWIFT_OBJC_BRIDGING_HEADER = "";
				SWIFT_OPTIMIZATION_LEVEL = "-Onone";
				SWIFT_VERSION = 3.0;
				VERSIONING_SYSTEM = "apple-generic";
			};
			name = Debug;
		};
		5048F25F1EDEE7A2001A487E /* Release */ = {
			isa = XCBuildConfiguration;
			baseConfigurationReference = 1E21319772B1B80346FB867E /* Pods-ELSpace.release.xcconfig */;
			buildSettings = {
				ASSETCATALOG_COMPILER_APPICON_NAME = AppIcon;
				CLANG_ENABLE_MODULES = YES;
				CODE_SIGN_ENTITLEMENTS = ELSpace/ELSpace.entitlements;
				CODE_SIGN_IDENTITY = "iPhone Distribution: EL Passion Next Sp. z o.o. (H5QFB36W2F)";
				CURRENT_PROJECT_VERSION = 9;
				DEVELOPMENT_TEAM = H5QFB36W2F;
				INFOPLIST_FILE = "ELSpace/Supporting Files/Info.plist";
				LD_RUNPATH_SEARCH_PATHS = "$(inherited) @executable_path/Frameworks";
				PRODUCT_BUNDLE_IDENTIFIER = pl.elpassion.ELSpace;
				PRODUCT_NAME = "$(TARGET_NAME)";
				PROVISIONING_PROFILE = "1e126538-9b6d-47a9-8d38-2af6db266ec8";
				PROVISIONING_PROFILE_SPECIFIER = "match AppStore pl.elpassion.ELSpace";
				SWIFT_OBJC_BRIDGING_HEADER = "";
				SWIFT_VERSION = 3.0;
				VERSIONING_SYSTEM = "apple-generic";
			};
			name = Release;
		};
		5048F2611EDEE7A2001A487E /* Debug */ = {
			isa = XCBuildConfiguration;
			baseConfigurationReference = F516EAA31CF2B127307DF495 /* Pods-ELSpaceTests.debug.xcconfig */;
			buildSettings = {
				ALWAYS_EMBED_SWIFT_STANDARD_LIBRARIES = "$(inherited)";
				BUNDLE_LOADER = "$(TEST_HOST)";
				DEVELOPMENT_TEAM = "";
				INFOPLIST_FILE = ELSpaceTests/Info.plist;
				LD_RUNPATH_SEARCH_PATHS = "$(inherited) @executable_path/Frameworks @loader_path/Frameworks";
				PRODUCT_BUNDLE_IDENTIFIER = pl.elpassion.ELSpaceTests;
				PRODUCT_NAME = "$(TARGET_NAME)";
				PROVISIONING_PROFILE_SPECIFIER = "";
				SWIFT_VERSION = 3.0;
				TEST_HOST = "$(BUILT_PRODUCTS_DIR)/ELSpace.app/ELSpace";
			};
			name = Debug;
		};
		5048F2621EDEE7A2001A487E /* Release */ = {
			isa = XCBuildConfiguration;
			baseConfigurationReference = EF02DB0596F1250A4BD0553C /* Pods-ELSpaceTests.release.xcconfig */;
			buildSettings = {
				ALWAYS_EMBED_SWIFT_STANDARD_LIBRARIES = "$(inherited)";
				BUNDLE_LOADER = "$(TEST_HOST)";
				DEVELOPMENT_TEAM = "";
				INFOPLIST_FILE = ELSpaceTests/Info.plist;
				LD_RUNPATH_SEARCH_PATHS = "$(inherited) @executable_path/Frameworks @loader_path/Frameworks";
				PRODUCT_BUNDLE_IDENTIFIER = pl.elpassion.ELSpaceTests;
				PRODUCT_NAME = "$(TARGET_NAME)";
				PROVISIONING_PROFILE_SPECIFIER = "";
				SWIFT_VERSION = 3.0;
				TEST_HOST = "$(BUILT_PRODUCTS_DIR)/ELSpace.app/ELSpace";
			};
			name = Release;
		};
/* End XCBuildConfiguration section */

/* Begin XCConfigurationList section */
		5048F23B1EDEE7A2001A487E /* Build configuration list for PBXProject "ELSpace" */ = {
			isa = XCConfigurationList;
			buildConfigurations = (
				5048F25B1EDEE7A2001A487E /* Debug */,
				5048F25C1EDEE7A2001A487E /* Release */,
			);
			defaultConfigurationIsVisible = 0;
			defaultConfigurationName = Release;
		};
		5048F25D1EDEE7A2001A487E /* Build configuration list for PBXNativeTarget "ELSpace" */ = {
			isa = XCConfigurationList;
			buildConfigurations = (
				5048F25E1EDEE7A2001A487E /* Debug */,
				5048F25F1EDEE7A2001A487E /* Release */,
			);
			defaultConfigurationIsVisible = 0;
			defaultConfigurationName = Release;
		};
		5048F2601EDEE7A2001A487E /* Build configuration list for PBXNativeTarget "ELSpaceTests" */ = {
			isa = XCConfigurationList;
			buildConfigurations = (
				5048F2611EDEE7A2001A487E /* Debug */,
				5048F2621EDEE7A2001A487E /* Release */,
			);
			defaultConfigurationIsVisible = 0;
			defaultConfigurationName = Release;
		};
/* End XCConfigurationList section */
	};
	rootObject = 5048F2381EDEE7A2001A487E /* Project object */;
}
